// !$*UTF8*$!
{
	archiveVersion = 1;
	classes = {
	};
	objectVersion = 56;
	objects = {

/* Begin PBXBuildFile section */
		0E04199A29232E9200D710BC /* resultVideo.MOV in Resources */ = {isa = PBXBuildFile; fileRef = 0E04199929232E9200D710BC /* resultVideo.MOV */; };
		0E04199F2926314900D710BC /* DictionaryViewController.swift in Sources */ = {isa = PBXBuildFile; fileRef = 0E04199E2926314900D710BC /* DictionaryViewController.swift */; };
		0E0419A5292920FE00D710BC /* ProfileViewController.swift in Sources */ = {isa = PBXBuildFile; fileRef = 0E0419A4292920FE00D710BC /* ProfileViewController.swift */; };
		0E7A2CD729231F060060C024 /* ResultViewController.swift in Sources */ = {isa = PBXBuildFile; fileRef = 0E7A2CD629231F060060C024 /* ResultViewController.swift */; };
		9E3B260A2926D424007803CD /* SelectWhichEyeView.swift in Sources */ = {isa = PBXBuildFile; fileRef = 9E3B26092926D424007803CD /* SelectWhichEyeView.swift */; };
		9E8BEE4E29234CDD00AB2E44 /* StoryView.swift in Sources */ = {isa = PBXBuildFile; fileRef = 9E8BEE4D29234CDD00AB2E44 /* StoryView.swift */; };
		A804661A291FF9890079CEDC /* ScrubberView.swift in Sources */ = {isa = PBXBuildFile; fileRef = A8046619291FF9890079CEDC /* ScrubberView.swift */; };
		A804661C292012B10079CEDC /* PlayButton.swift in Sources */ = {isa = PBXBuildFile; fileRef = A804661B292012B10079CEDC /* PlayButton.swift */; };
		A897ED6E29277CC000C93E22 /* MeasurementResult.swift in Sources */ = {isa = PBXBuildFile; fileRef = A897ED6D29277CC000C93E22 /* MeasurementResult.swift */; };
		A8AA21292922131D00EFBE27 /* GradientView.swift in Sources */ = {isa = PBXBuildFile; fileRef = A8AA21282922131D00EFBE27 /* GradientView.swift */; };
		A8B2A287291C8B2F000F5624 /* AppDelegate.swift in Sources */ = {isa = PBXBuildFile; fileRef = A8B2A286291C8B2F000F5624 /* AppDelegate.swift */; };
		A8B2A289291C8B2F000F5624 /* SceneDelegate.swift in Sources */ = {isa = PBXBuildFile; fileRef = A8B2A288291C8B2F000F5624 /* SceneDelegate.swift */; };
		A8B2A28B291C8B2F000F5624 /* ViewController.swift in Sources */ = {isa = PBXBuildFile; fileRef = A8B2A28A291C8B2F000F5624 /* ViewController.swift */; };
		A8B2A28E291C8B2F000F5624 /* Main.storyboard in Resources */ = {isa = PBXBuildFile; fileRef = A8B2A28C291C8B2F000F5624 /* Main.storyboard */; };
		A8B2A290291C8B30000F5624 /* Assets.xcassets in Resources */ = {isa = PBXBuildFile; fileRef = A8B2A28F291C8B30000F5624 /* Assets.xcassets */; };
		A8B2A293291C8B30000F5624 /* LaunchScreen.storyboard in Resources */ = {isa = PBXBuildFile; fileRef = A8B2A291291C8B30000F5624 /* LaunchScreen.storyboard */; };
		A8B2A2A2291C8D8F000F5624 /* ExtensionPlaceholder.swift in Sources */ = {isa = PBXBuildFile; fileRef = A8B2A2A1291C8D8F000F5624 /* ExtensionPlaceholder.swift */; };
		A8B2A2A8291C8E3B000F5624 /* ManagerPlaceholder.swift in Sources */ = {isa = PBXBuildFile; fileRef = A8B2A2A7291C8E3B000F5624 /* ManagerPlaceholder.swift */; };
		A8B2A2AB291C8E6A000F5624 /* Placeholder.swift in Sources */ = {isa = PBXBuildFile; fileRef = A8B2A2AA291C8E6A000F5624 /* Placeholder.swift */; };
		A8B2A2AD291C8FC8000F5624 /* StoryViewController.swift in Sources */ = {isa = PBXBuildFile; fileRef = A8B2A2AC291C8FC8000F5624 /* StoryViewController.swift */; };
		A8B2A2B1291CCD8F000F5624 /* SelectPhotoViewController.swift in Sources */ = {isa = PBXBuildFile; fileRef = A8B2A2B0291CCD8F000F5624 /* SelectPhotoViewController.swift */; };
		A8B2A2B3291CCDAD000F5624 /* PlayerView.swift in Sources */ = {isa = PBXBuildFile; fileRef = A8B2A2B2291CCDAD000F5624 /* PlayerView.swift */; };
		A8B2A2D7291DE0D6000F5624 /* NavigationViewController.swift in Sources */ = {isa = PBXBuildFile; fileRef = A8B2A2D6291DE0D6000F5624 /* NavigationViewController.swift */; };
		A8B5349D2926752200237C30 /* SQLiteService.swift in Sources */ = {isa = PBXBuildFile; fileRef = A8B5349C2926752200237C30 /* SQLiteService.swift */; };
		A8B534A52926755900237C30 /* PersistenceTest.swift in Sources */ = {isa = PBXBuildFile; fileRef = A8B534A42926755900237C30 /* PersistenceTest.swift */; };
		A8B534AB2926756600237C30 /* SQLiteService.swift in Sources */ = {isa = PBXBuildFile; fileRef = A8B5349C2926752200237C30 /* SQLiteService.swift */; };
		A8FACE3029271C2900BF2CD0 /* Eye.swift in Sources */ = {isa = PBXBuildFile; fileRef = A8FACE2F29271C2900BF2CD0 /* Eye.swift */; };
		C70100F02921D0DE00B58231 /* CoverTestViewController.swift in Sources */ = {isa = PBXBuildFile; fileRef = C70100EF2921D0DE00B58231 /* CoverTestViewController.swift */; };
		C70100F42921DF7A00B58231 /* UIViewController+Extension.swift in Sources */ = {isa = PBXBuildFile; fileRef = C70100F32921DF7A00B58231 /* UIViewController+Extension.swift */; };
		C7145FC9292B100500F55028 /* PHPhotoManager.swift in Sources */ = {isa = PBXBuildFile; fileRef = C7145FC8292B100500F55028 /* PHPhotoManager.swift */; };
		C72601E529278642009AB7D1 /* UIView+Extension.swift in Sources */ = {isa = PBXBuildFile; fileRef = C72601E429278642009AB7D1 /* UIView+Extension.swift */; };
		C7422514291F304E00DB6D80 /* CVMonth.swift in Sources */ = {isa = PBXBuildFile; fileRef = C7422513291F304E00DB6D80 /* CVMonth.swift */; };
		C744915A291D475600166197 /* NEXON_Lv1_Gothic_OTF.otf in Resources */ = {isa = PBXBuildFile; fileRef = C7449157291D475600166197 /* NEXON_Lv1_Gothic_OTF.otf */; };
		C744915B291D475600166197 /* NEXON_Lv1_Gothic_OTF_Light.otf in Resources */ = {isa = PBXBuildFile; fileRef = C7449158291D475600166197 /* NEXON_Lv1_Gothic_OTF_Light.otf */; };
		C744915C291D475600166197 /* NEXON_Lv1_Gothic_OTF_Bold.otf in Resources */ = {isa = PBXBuildFile; fileRef = C7449159291D475600166197 /* NEXON_Lv1_Gothic_OTF_Bold.otf */; };
		C7449160291D4B4700166197 /* UIFont+Extension.swift in Sources */ = {isa = PBXBuildFile; fileRef = C744915F291D4B4700166197 /* UIFont+Extension.swift */; };
		C74491A3291D4F3000166197 /* UIColor+Extension.swift in Sources */ = {isa = PBXBuildFile; fileRef = C74491A2291D4F3000166197 /* UIColor+Extension.swift */; };
		C74491A5291D4FD100166197 /* Color.xcassets in Resources */ = {isa = PBXBuildFile; fileRef = C74491A4291D4FD100166197 /* Color.xcassets */; };
		C74491AB291D54D000166197 /* IKUCalendarView.swift in Sources */ = {isa = PBXBuildFile; fileRef = C74491AA291D54D000166197 /* IKUCalendarView.swift */; };
		C74491CD291D54DC00166197 /* CVCalendarDayView.swift in Sources */ = {isa = PBXBuildFile; fileRef = C74491AD291D54DC00166197 /* CVCalendarDayView.swift */; };
		C74491CE291D54DC00166197 /* CVWeekdaySymbolType.swift in Sources */ = {isa = PBXBuildFile; fileRef = C74491AE291D54DC00166197 /* CVWeekdaySymbolType.swift */; };
		C74491CF291D54DC00166197 /* CVRange.swift in Sources */ = {isa = PBXBuildFile; fileRef = C74491AF291D54DC00166197 /* CVRange.swift */; };
		C74491D0291D54DC00166197 /* CVCalendarMonthView.swift in Sources */ = {isa = PBXBuildFile; fileRef = C74491B0291D54DC00166197 /* CVCalendarMonthView.swift */; };
		C74491D1291D54DC00166197 /* CVCalendarViewAppearance.swift in Sources */ = {isa = PBXBuildFile; fileRef = C74491B1291D54DC00166197 /* CVCalendarViewAppearance.swift */; };
		C74491D2291D54DC00166197 /* CVStatus.swift in Sources */ = {isa = PBXBuildFile; fileRef = C74491B3291D54DC00166197 /* CVStatus.swift */; };
		C74491D3291D54DC00166197 /* CVCalendarViewAppearanceDelegate.swift in Sources */ = {isa = PBXBuildFile; fileRef = C74491B4291D54DC00166197 /* CVCalendarViewAppearanceDelegate.swift */; };
		C74491D4291D54DC00166197 /* CVCalendarMenuViewDelegate.swift in Sources */ = {isa = PBXBuildFile; fileRef = C74491B5291D54DC00166197 /* CVCalendarMenuViewDelegate.swift */; };
		C74491D5291D54DC00166197 /* CVCalendarContentViewController.swift in Sources */ = {isa = PBXBuildFile; fileRef = C74491B6291D54DC00166197 /* CVCalendarContentViewController.swift */; };
		C74491D6291D54DC00166197 /* CVDate.swift in Sources */ = {isa = PBXBuildFile; fileRef = C74491B7291D54DC00166197 /* CVDate.swift */; };
		C74491D7291D54DC00166197 /* CVCalendarView.swift in Sources */ = {isa = PBXBuildFile; fileRef = C74491B8291D54DC00166197 /* CVCalendarView.swift */; };
		C74491D8291D54DC00166197 /* CVCalendarViewDelegate.swift in Sources */ = {isa = PBXBuildFile; fileRef = C74491B9291D54DC00166197 /* CVCalendarViewDelegate.swift */; };
		C74491D9291D54DC00166197 /* CVCalendarWeekContentViewController.swift in Sources */ = {isa = PBXBuildFile; fileRef = C74491BA291D54DC00166197 /* CVCalendarWeekContentViewController.swift */; };
		C74491DA291D54DC00166197 /* CVSelectionType.swift in Sources */ = {isa = PBXBuildFile; fileRef = C74491BB291D54DC00166197 /* CVSelectionType.swift */; };
		C74491DB291D54DC00166197 /* CVSet.swift in Sources */ = {isa = PBXBuildFile; fileRef = C74491BC291D54DC00166197 /* CVSet.swift */; };
		C74491DC291D54DC00166197 /* CVAuxiliaryView.swift in Sources */ = {isa = PBXBuildFile; fileRef = C74491BD291D54DC00166197 /* CVAuxiliaryView.swift */; };
		C74491DD291D54DC00166197 /* CVCalendarMenuView.swift in Sources */ = {isa = PBXBuildFile; fileRef = C74491BE291D54DC00166197 /* CVCalendarMenuView.swift */; };
		C74491DE291D54DC00166197 /* CVCalendarContentPresentationCoordinator.swift in Sources */ = {isa = PBXBuildFile; fileRef = C74491BF291D54DC00166197 /* CVCalendarContentPresentationCoordinator.swift */; };
		C74491DF291D54DC00166197 /* CVScrollDirection.swift in Sources */ = {isa = PBXBuildFile; fileRef = C74491C0291D54DC00166197 /* CVScrollDirection.swift */; };
		C74491E0291D54DC00166197 /* CVCalendarTouchController.swift in Sources */ = {isa = PBXBuildFile; fileRef = C74491C1291D54DC00166197 /* CVCalendarTouchController.swift */; };
		C74491E1291D54DC00166197 /* CVCalendarMonthContentViewController.swift in Sources */ = {isa = PBXBuildFile; fileRef = C74491C2291D54DC00166197 /* CVCalendarMonthContentViewController.swift */; };
		C74491E2291D54DC00166197 /* CVCalendarViewPresentationMode.swift in Sources */ = {isa = PBXBuildFile; fileRef = C74491C3291D54DC00166197 /* CVCalendarViewPresentationMode.swift */; };
		C74491E3291D54DC00166197 /* CVCalendarWeekView.swift in Sources */ = {isa = PBXBuildFile; fileRef = C74491C4291D54DC00166197 /* CVCalendarWeekView.swift */; };
		C74491E4291D54DC00166197 /* CVCalendarViewAnimatorDelegate.swift in Sources */ = {isa = PBXBuildFile; fileRef = C74491C5291D54DC00166197 /* CVCalendarViewAnimatorDelegate.swift */; };
		C74491E5291D54DC00166197 /* CVCalendarViewAnimator.swift in Sources */ = {isa = PBXBuildFile; fileRef = C74491C6291D54DC00166197 /* CVCalendarViewAnimator.swift */; };
		C74491E6291D54DC00166197 /* CVCalendarDayViewControlCoordinator.swift in Sources */ = {isa = PBXBuildFile; fileRef = C74491C7291D54DC00166197 /* CVCalendarDayViewControlCoordinator.swift */; };
		C74491E7291D54DC00166197 /* CVCalendarWeekday.swift in Sources */ = {isa = PBXBuildFile; fileRef = C74491C8291D54DC00166197 /* CVCalendarWeekday.swift */; };
		C74491E8291D54DC00166197 /* CVCalendarManager.swift in Sources */ = {isa = PBXBuildFile; fileRef = C74491C9291D54DC00166197 /* CVCalendarManager.swift */; };
		C74491E9291D54DC00166197 /* CVShape.swift in Sources */ = {isa = PBXBuildFile; fileRef = C74491CA291D54DC00166197 /* CVShape.swift */; };
		C74491EB291D54DC00166197 /* CVPresent.swift in Sources */ = {isa = PBXBuildFile; fileRef = C74491CC291D54DC00166197 /* CVPresent.swift */; };
		C74491EE291D586900166197 /* IKUCalendarView+Extension.swift in Sources */ = {isa = PBXBuildFile; fileRef = C74491ED291D586900166197 /* IKUCalendarView+Extension.swift */; };
		C74491F0291D640B00166197 /* HistoryViewController.swift in Sources */ = {isa = PBXBuildFile; fileRef = C74491EF291D640B00166197 /* HistoryViewController.swift */; };
		C745E9512926175F00AEECA8 /* CoverTestViewModel.swift in Sources */ = {isa = PBXBuildFile; fileRef = C745E9502926175F00AEECA8 /* CoverTestViewModel.swift */; };
		C7537CFA292320B5001E8BF6 /* VideoManager.swift in Sources */ = {isa = PBXBuildFile; fileRef = C7537CF9292320B5001E8BF6 /* VideoManager.swift */; };
		C7537CFC2923B0E2001E8BF6 /* ARSceneManager.swift in Sources */ = {isa = PBXBuildFile; fileRef = C7537CFB2923B0E2001E8BF6 /* ARSceneManager.swift */; };
		C7537CFE2923B1E5001E8BF6 /* Models.scnassets in Resources */ = {isa = PBXBuildFile; fileRef = C7537CFD2923B1E5001E8BF6 /* Models.scnassets */; };
		C75B19FA291E2C1C005B1A22 /* IKUChartView.swift in Sources */ = {isa = PBXBuildFile; fileRef = C75B19F9291E2C1C005B1A22 /* IKUChartView.swift */; };
		C75B19FC291E30D6005B1A22 /* StrabismusLog.swift in Sources */ = {isa = PBXBuildFile; fileRef = C75B19FB291E30D6005B1A22 /* StrabismusLog.swift */; };
		C7F1775C2925B1CD0004C5D9 /* ARCapture.swift in Sources */ = {isa = PBXBuildFile; fileRef = C7F177592925B1CD0004C5D9 /* ARCapture.swift */; };
		C7F1775D2925B1CD0004C5D9 /* ARAssetWriter.swift in Sources */ = {isa = PBXBuildFile; fileRef = C7F1775A2925B1CD0004C5D9 /* ARAssetWriter.swift */; };
		C7F1775E2925B1CD0004C5D9 /* ARFrameGenerator.swift in Sources */ = {isa = PBXBuildFile; fileRef = C7F1775B2925B1CD0004C5D9 /* ARFrameGenerator.swift */; };
/* End PBXBuildFile section */

/* Begin PBXContainerItemProxy section */
		A8B534A62926755900237C30 /* PBXContainerItemProxy */ = {
			isa = PBXContainerItemProxy;
			containerPortal = A8B2A27B291C8B2F000F5624 /* Project object */;
			proxyType = 1;
			remoteGlobalIDString = A8B2A282291C8B2F000F5624;
			remoteInfo = IKU;
		};
/* End PBXContainerItemProxy section */

/* Begin PBXFileReference section */
		0E04199929232E9200D710BC /* resultVideo.MOV */ = {isa = PBXFileReference; lastKnownFileType = video.quicktime; path = resultVideo.MOV; sourceTree = "<group>"; };
		0E04199E2926314900D710BC /* DictionaryViewController.swift */ = {isa = PBXFileReference; lastKnownFileType = sourcecode.swift; path = DictionaryViewController.swift; sourceTree = "<group>"; };
		0E0419A4292920FE00D710BC /* ProfileViewController.swift */ = {isa = PBXFileReference; lastKnownFileType = sourcecode.swift; path = ProfileViewController.swift; sourceTree = "<group>"; };
		0E7A2CD629231F060060C024 /* ResultViewController.swift */ = {isa = PBXFileReference; lastKnownFileType = sourcecode.swift; path = ResultViewController.swift; sourceTree = "<group>"; };
		9E3B26092926D424007803CD /* SelectWhichEyeView.swift */ = {isa = PBXFileReference; lastKnownFileType = sourcecode.swift; path = SelectWhichEyeView.swift; sourceTree = "<group>"; };
		9E8BEE4D29234CDD00AB2E44 /* StoryView.swift */ = {isa = PBXFileReference; lastKnownFileType = sourcecode.swift; path = StoryView.swift; sourceTree = "<group>"; };
		A8046619291FF9890079CEDC /* ScrubberView.swift */ = {isa = PBXFileReference; lastKnownFileType = sourcecode.swift; path = ScrubberView.swift; sourceTree = "<group>"; };
		A804661B292012B10079CEDC /* PlayButton.swift */ = {isa = PBXFileReference; lastKnownFileType = sourcecode.swift; path = PlayButton.swift; sourceTree = "<group>"; };
		A897ED6D29277CC000C93E22 /* MeasurementResult.swift */ = {isa = PBXFileReference; lastKnownFileType = sourcecode.swift; path = MeasurementResult.swift; sourceTree = "<group>"; };
		A8AA21282922131D00EFBE27 /* GradientView.swift */ = {isa = PBXFileReference; lastKnownFileType = sourcecode.swift; path = GradientView.swift; sourceTree = "<group>"; };
		A8B2A283291C8B2F000F5624 /* IKU.app */ = {isa = PBXFileReference; explicitFileType = wrapper.application; includeInIndex = 0; path = IKU.app; sourceTree = BUILT_PRODUCTS_DIR; };
		A8B2A286291C8B2F000F5624 /* AppDelegate.swift */ = {isa = PBXFileReference; lastKnownFileType = sourcecode.swift; path = AppDelegate.swift; sourceTree = "<group>"; };
		A8B2A288291C8B2F000F5624 /* SceneDelegate.swift */ = {isa = PBXFileReference; lastKnownFileType = sourcecode.swift; path = SceneDelegate.swift; sourceTree = "<group>"; };
		A8B2A28A291C8B2F000F5624 /* ViewController.swift */ = {isa = PBXFileReference; lastKnownFileType = sourcecode.swift; path = ViewController.swift; sourceTree = "<group>"; };
		A8B2A28D291C8B2F000F5624 /* Base */ = {isa = PBXFileReference; lastKnownFileType = file.storyboard; name = Base; path = Base.lproj/Main.storyboard; sourceTree = "<group>"; };
		A8B2A28F291C8B30000F5624 /* Assets.xcassets */ = {isa = PBXFileReference; lastKnownFileType = folder.assetcatalog; path = Assets.xcassets; sourceTree = "<group>"; };
		A8B2A292291C8B30000F5624 /* Base */ = {isa = PBXFileReference; lastKnownFileType = file.storyboard; name = Base; path = Base.lproj/LaunchScreen.storyboard; sourceTree = "<group>"; };
		A8B2A294291C8B30000F5624 /* Info.plist */ = {isa = PBXFileReference; lastKnownFileType = text.plist.xml; path = Info.plist; sourceTree = "<group>"; };
		A8B2A2A1291C8D8F000F5624 /* ExtensionPlaceholder.swift */ = {isa = PBXFileReference; lastKnownFileType = sourcecode.swift; path = ExtensionPlaceholder.swift; sourceTree = "<group>"; };
		A8B2A2A7291C8E3B000F5624 /* ManagerPlaceholder.swift */ = {isa = PBXFileReference; lastKnownFileType = sourcecode.swift; path = ManagerPlaceholder.swift; sourceTree = "<group>"; };
		A8B2A2AA291C8E6A000F5624 /* Placeholder.swift */ = {isa = PBXFileReference; lastKnownFileType = sourcecode.swift; path = Placeholder.swift; sourceTree = "<group>"; };
		A8B2A2AC291C8FC8000F5624 /* StoryViewController.swift */ = {isa = PBXFileReference; lastKnownFileType = sourcecode.swift; path = StoryViewController.swift; sourceTree = "<group>"; };
		A8B2A2B0291CCD8F000F5624 /* SelectPhotoViewController.swift */ = {isa = PBXFileReference; lastKnownFileType = sourcecode.swift; path = SelectPhotoViewController.swift; sourceTree = "<group>"; };
		A8B2A2B2291CCDAD000F5624 /* PlayerView.swift */ = {isa = PBXFileReference; lastKnownFileType = sourcecode.swift; path = PlayerView.swift; sourceTree = "<group>"; };
		A8B2A2D6291DE0D6000F5624 /* NavigationViewController.swift */ = {isa = PBXFileReference; lastKnownFileType = sourcecode.swift; path = NavigationViewController.swift; sourceTree = "<group>"; };
		A8B5349C2926752200237C30 /* SQLiteService.swift */ = {isa = PBXFileReference; lastKnownFileType = sourcecode.swift; path = SQLiteService.swift; sourceTree = "<group>"; };
		A8B534A22926755900237C30 /* PersistenceTest.xctest */ = {isa = PBXFileReference; explicitFileType = wrapper.cfbundle; includeInIndex = 0; path = PersistenceTest.xctest; sourceTree = BUILT_PRODUCTS_DIR; };
		A8B534A42926755900237C30 /* PersistenceTest.swift */ = {isa = PBXFileReference; lastKnownFileType = sourcecode.swift; path = PersistenceTest.swift; sourceTree = "<group>"; };
		A8FACE2F29271C2900BF2CD0 /* Eye.swift */ = {isa = PBXFileReference; lastKnownFileType = sourcecode.swift; path = Eye.swift; sourceTree = "<group>"; };
		C70100EF2921D0DE00B58231 /* CoverTestViewController.swift */ = {isa = PBXFileReference; lastKnownFileType = sourcecode.swift; path = CoverTestViewController.swift; sourceTree = "<group>"; };
		C70100F32921DF7A00B58231 /* UIViewController+Extension.swift */ = {isa = PBXFileReference; lastKnownFileType = sourcecode.swift; path = "UIViewController+Extension.swift"; sourceTree = "<group>"; };
		C7145FC8292B100500F55028 /* PHPhotoManager.swift */ = {isa = PBXFileReference; fileEncoding = 4; lastKnownFileType = sourcecode.swift; path = PHPhotoManager.swift; sourceTree = "<group>"; };
		C72601E429278642009AB7D1 /* UIView+Extension.swift */ = {isa = PBXFileReference; lastKnownFileType = sourcecode.swift; path = "UIView+Extension.swift"; sourceTree = "<group>"; };
		C7422513291F304E00DB6D80 /* CVMonth.swift */ = {isa = PBXFileReference; lastKnownFileType = sourcecode.swift; path = CVMonth.swift; sourceTree = "<group>"; };
		C7449157291D475600166197 /* NEXON_Lv1_Gothic_OTF.otf */ = {isa = PBXFileReference; lastKnownFileType = file; path = NEXON_Lv1_Gothic_OTF.otf; sourceTree = "<group>"; };
		C7449158291D475600166197 /* NEXON_Lv1_Gothic_OTF_Light.otf */ = {isa = PBXFileReference; lastKnownFileType = file; path = NEXON_Lv1_Gothic_OTF_Light.otf; sourceTree = "<group>"; };
		C7449159291D475600166197 /* NEXON_Lv1_Gothic_OTF_Bold.otf */ = {isa = PBXFileReference; lastKnownFileType = file; path = NEXON_Lv1_Gothic_OTF_Bold.otf; sourceTree = "<group>"; };
		C744915F291D4B4700166197 /* UIFont+Extension.swift */ = {isa = PBXFileReference; lastKnownFileType = sourcecode.swift; path = "UIFont+Extension.swift"; sourceTree = "<group>"; };
		C74491A2291D4F3000166197 /* UIColor+Extension.swift */ = {isa = PBXFileReference; lastKnownFileType = sourcecode.swift; path = "UIColor+Extension.swift"; sourceTree = "<group>"; };
		C74491A4291D4FD100166197 /* Color.xcassets */ = {isa = PBXFileReference; lastKnownFileType = folder.assetcatalog; path = Color.xcassets; sourceTree = "<group>"; };
		C74491AA291D54D000166197 /* IKUCalendarView.swift */ = {isa = PBXFileReference; lastKnownFileType = sourcecode.swift; path = IKUCalendarView.swift; sourceTree = "<group>"; };
		C74491AD291D54DC00166197 /* CVCalendarDayView.swift */ = {isa = PBXFileReference; fileEncoding = 4; lastKnownFileType = sourcecode.swift; path = CVCalendarDayView.swift; sourceTree = "<group>"; };
		C74491AE291D54DC00166197 /* CVWeekdaySymbolType.swift */ = {isa = PBXFileReference; fileEncoding = 4; lastKnownFileType = sourcecode.swift; path = CVWeekdaySymbolType.swift; sourceTree = "<group>"; };
		C74491AF291D54DC00166197 /* CVRange.swift */ = {isa = PBXFileReference; fileEncoding = 4; lastKnownFileType = sourcecode.swift; path = CVRange.swift; sourceTree = "<group>"; };
		C74491B0291D54DC00166197 /* CVCalendarMonthView.swift */ = {isa = PBXFileReference; fileEncoding = 4; lastKnownFileType = sourcecode.swift; path = CVCalendarMonthView.swift; sourceTree = "<group>"; };
		C74491B1291D54DC00166197 /* CVCalendarViewAppearance.swift */ = {isa = PBXFileReference; fileEncoding = 4; lastKnownFileType = sourcecode.swift; path = CVCalendarViewAppearance.swift; sourceTree = "<group>"; };
		C74491B3291D54DC00166197 /* CVStatus.swift */ = {isa = PBXFileReference; fileEncoding = 4; lastKnownFileType = sourcecode.swift; path = CVStatus.swift; sourceTree = "<group>"; };
		C74491B4291D54DC00166197 /* CVCalendarViewAppearanceDelegate.swift */ = {isa = PBXFileReference; fileEncoding = 4; lastKnownFileType = sourcecode.swift; path = CVCalendarViewAppearanceDelegate.swift; sourceTree = "<group>"; };
		C74491B5291D54DC00166197 /* CVCalendarMenuViewDelegate.swift */ = {isa = PBXFileReference; fileEncoding = 4; lastKnownFileType = sourcecode.swift; path = CVCalendarMenuViewDelegate.swift; sourceTree = "<group>"; };
		C74491B6291D54DC00166197 /* CVCalendarContentViewController.swift */ = {isa = PBXFileReference; fileEncoding = 4; lastKnownFileType = sourcecode.swift; path = CVCalendarContentViewController.swift; sourceTree = "<group>"; };
		C74491B7291D54DC00166197 /* CVDate.swift */ = {isa = PBXFileReference; fileEncoding = 4; lastKnownFileType = sourcecode.swift; path = CVDate.swift; sourceTree = "<group>"; };
		C74491B8291D54DC00166197 /* CVCalendarView.swift */ = {isa = PBXFileReference; fileEncoding = 4; lastKnownFileType = sourcecode.swift; path = CVCalendarView.swift; sourceTree = "<group>"; };
		C74491B9291D54DC00166197 /* CVCalendarViewDelegate.swift */ = {isa = PBXFileReference; fileEncoding = 4; lastKnownFileType = sourcecode.swift; path = CVCalendarViewDelegate.swift; sourceTree = "<group>"; };
		C74491BA291D54DC00166197 /* CVCalendarWeekContentViewController.swift */ = {isa = PBXFileReference; fileEncoding = 4; lastKnownFileType = sourcecode.swift; path = CVCalendarWeekContentViewController.swift; sourceTree = "<group>"; };
		C74491BB291D54DC00166197 /* CVSelectionType.swift */ = {isa = PBXFileReference; fileEncoding = 4; lastKnownFileType = sourcecode.swift; path = CVSelectionType.swift; sourceTree = "<group>"; };
		C74491BC291D54DC00166197 /* CVSet.swift */ = {isa = PBXFileReference; fileEncoding = 4; lastKnownFileType = sourcecode.swift; path = CVSet.swift; sourceTree = "<group>"; };
		C74491BD291D54DC00166197 /* CVAuxiliaryView.swift */ = {isa = PBXFileReference; fileEncoding = 4; lastKnownFileType = sourcecode.swift; path = CVAuxiliaryView.swift; sourceTree = "<group>"; };
		C74491BE291D54DC00166197 /* CVCalendarMenuView.swift */ = {isa = PBXFileReference; fileEncoding = 4; lastKnownFileType = sourcecode.swift; path = CVCalendarMenuView.swift; sourceTree = "<group>"; };
		C74491BF291D54DC00166197 /* CVCalendarContentPresentationCoordinator.swift */ = {isa = PBXFileReference; fileEncoding = 4; lastKnownFileType = sourcecode.swift; path = CVCalendarContentPresentationCoordinator.swift; sourceTree = "<group>"; };
		C74491C0291D54DC00166197 /* CVScrollDirection.swift */ = {isa = PBXFileReference; fileEncoding = 4; lastKnownFileType = sourcecode.swift; path = CVScrollDirection.swift; sourceTree = "<group>"; };
		C74491C1291D54DC00166197 /* CVCalendarTouchController.swift */ = {isa = PBXFileReference; fileEncoding = 4; lastKnownFileType = sourcecode.swift; path = CVCalendarTouchController.swift; sourceTree = "<group>"; };
		C74491C2291D54DC00166197 /* CVCalendarMonthContentViewController.swift */ = {isa = PBXFileReference; fileEncoding = 4; lastKnownFileType = sourcecode.swift; path = CVCalendarMonthContentViewController.swift; sourceTree = "<group>"; };
		C74491C3291D54DC00166197 /* CVCalendarViewPresentationMode.swift */ = {isa = PBXFileReference; fileEncoding = 4; lastKnownFileType = sourcecode.swift; path = CVCalendarViewPresentationMode.swift; sourceTree = "<group>"; };
		C74491C4291D54DC00166197 /* CVCalendarWeekView.swift */ = {isa = PBXFileReference; fileEncoding = 4; lastKnownFileType = sourcecode.swift; path = CVCalendarWeekView.swift; sourceTree = "<group>"; };
		C74491C5291D54DC00166197 /* CVCalendarViewAnimatorDelegate.swift */ = {isa = PBXFileReference; fileEncoding = 4; lastKnownFileType = sourcecode.swift; path = CVCalendarViewAnimatorDelegate.swift; sourceTree = "<group>"; };
		C74491C6291D54DC00166197 /* CVCalendarViewAnimator.swift */ = {isa = PBXFileReference; fileEncoding = 4; lastKnownFileType = sourcecode.swift; path = CVCalendarViewAnimator.swift; sourceTree = "<group>"; };
		C74491C7291D54DC00166197 /* CVCalendarDayViewControlCoordinator.swift */ = {isa = PBXFileReference; fileEncoding = 4; lastKnownFileType = sourcecode.swift; path = CVCalendarDayViewControlCoordinator.swift; sourceTree = "<group>"; };
		C74491C8291D54DC00166197 /* CVCalendarWeekday.swift */ = {isa = PBXFileReference; fileEncoding = 4; lastKnownFileType = sourcecode.swift; path = CVCalendarWeekday.swift; sourceTree = "<group>"; };
		C74491C9291D54DC00166197 /* CVCalendarManager.swift */ = {isa = PBXFileReference; fileEncoding = 4; lastKnownFileType = sourcecode.swift; path = CVCalendarManager.swift; sourceTree = "<group>"; };
		C74491CA291D54DC00166197 /* CVShape.swift */ = {isa = PBXFileReference; fileEncoding = 4; lastKnownFileType = sourcecode.swift; path = CVShape.swift; sourceTree = "<group>"; };
		C74491CC291D54DC00166197 /* CVPresent.swift */ = {isa = PBXFileReference; fileEncoding = 4; lastKnownFileType = sourcecode.swift; path = CVPresent.swift; sourceTree = "<group>"; };
		C74491ED291D586900166197 /* IKUCalendarView+Extension.swift */ = {isa = PBXFileReference; lastKnownFileType = sourcecode.swift; path = "IKUCalendarView+Extension.swift"; sourceTree = "<group>"; };
		C74491EF291D640B00166197 /* HistoryViewController.swift */ = {isa = PBXFileReference; fileEncoding = 4; lastKnownFileType = sourcecode.swift; path = HistoryViewController.swift; sourceTree = "<group>"; };
		C745E9502926175F00AEECA8 /* CoverTestViewModel.swift */ = {isa = PBXFileReference; lastKnownFileType = sourcecode.swift; path = CoverTestViewModel.swift; sourceTree = "<group>"; };
		C7537CF9292320B5001E8BF6 /* VideoManager.swift */ = {isa = PBXFileReference; lastKnownFileType = sourcecode.swift; path = VideoManager.swift; sourceTree = "<group>"; };
		C7537CFB2923B0E2001E8BF6 /* ARSceneManager.swift */ = {isa = PBXFileReference; lastKnownFileType = sourcecode.swift; path = ARSceneManager.swift; sourceTree = "<group>"; };
		C7537CFD2923B1E5001E8BF6 /* Models.scnassets */ = {isa = PBXFileReference; lastKnownFileType = wrapper.scnassets; path = Models.scnassets; sourceTree = "<group>"; };
		C75B19F9291E2C1C005B1A22 /* IKUChartView.swift */ = {isa = PBXFileReference; lastKnownFileType = sourcecode.swift; path = IKUChartView.swift; sourceTree = "<group>"; };
		C75B19FB291E30D6005B1A22 /* StrabismusLog.swift */ = {isa = PBXFileReference; lastKnownFileType = sourcecode.swift; path = StrabismusLog.swift; sourceTree = "<group>"; };
		C7F177592925B1CD0004C5D9 /* ARCapture.swift */ = {isa = PBXFileReference; fileEncoding = 4; lastKnownFileType = sourcecode.swift; path = ARCapture.swift; sourceTree = "<group>"; };
		C7F1775A2925B1CD0004C5D9 /* ARAssetWriter.swift */ = {isa = PBXFileReference; fileEncoding = 4; lastKnownFileType = sourcecode.swift; path = ARAssetWriter.swift; sourceTree = "<group>"; };
		C7F1775B2925B1CD0004C5D9 /* ARFrameGenerator.swift */ = {isa = PBXFileReference; fileEncoding = 4; lastKnownFileType = sourcecode.swift; path = ARFrameGenerator.swift; sourceTree = "<group>"; };
/* End PBXFileReference section */

/* Begin PBXFrameworksBuildPhase section */
		A8B2A280291C8B2F000F5624 /* Frameworks */ = {
			isa = PBXFrameworksBuildPhase;
			buildActionMask = 2147483647;
			files = (
			);
			runOnlyForDeploymentPostprocessing = 0;
		};
		A8B5349F2926755900237C30 /* Frameworks */ = {
			isa = PBXFrameworksBuildPhase;
			buildActionMask = 2147483647;
			files = (
			);
			runOnlyForDeploymentPostprocessing = 0;
		};
/* End PBXFrameworksBuildPhase section */

/* Begin PBXGroup section */
		A8B2A27A291C8B2F000F5624 = {
			isa = PBXGroup;
			children = (
				A8B2A285291C8B2F000F5624 /* IKU */,
				A8B534A32926755900237C30 /* PersistenceTest */,
				A8B2A284291C8B2F000F5624 /* Products */,
			);
			sourceTree = "<group>";
		};
		A8B2A284291C8B2F000F5624 /* Products */ = {
			isa = PBXGroup;
			children = (
				A8B2A283291C8B2F000F5624 /* IKU.app */,
				A8B534A22926755900237C30 /* PersistenceTest.xctest */,
			);
			name = Products;
			sourceTree = "<group>";
		};
		A8B2A285291C8B2F000F5624 /* IKU */ = {
			isa = PBXGroup;
			children = (
				A8B2A29A291C8BC7000F5624 /* App */,
				A8B2A2A3291C8DDB000F5624 /* Resource */,
				A8B2A29D291C8D01000F5624 /* Data */,
				A8B2A2A9291C8E58000F5624 /* Delegate(Protocol) */,
				A8B2A2A0291C8D7E000F5624 /* Extension */,
				A8B2A2A4291C8DFD000F5624 /* Manager */,
				A8B2A29C291C8CD9000F5624 /* Views */,
				A8B2A29B291C8C55000F5624 /* Storyboard */,
			);
			path = IKU;
			sourceTree = "<group>";
		};
		A8B2A29A291C8BC7000F5624 /* App */ = {
			isa = PBXGroup;
			children = (
				A8B2A291291C8B30000F5624 /* LaunchScreen.storyboard */,
				A8B2A294291C8B30000F5624 /* Info.plist */,
				A8B2A286291C8B2F000F5624 /* AppDelegate.swift */,
				A8B2A288291C8B2F000F5624 /* SceneDelegate.swift */,
			);
			path = App;
			sourceTree = "<group>";
		};
		A8B2A29B291C8C55000F5624 /* Storyboard */ = {
			isa = PBXGroup;
			children = (
				A8B2A28C291C8B2F000F5624 /* Main.storyboard */,
				0E04199929232E9200D710BC /* resultVideo.MOV */,
			);
			path = Storyboard;
			sourceTree = "<group>";
		};
		A8B2A29C291C8CD9000F5624 /* Views */ = {
			isa = PBXGroup;
			children = (
				A8B2A2D6291DE0D6000F5624 /* NavigationViewController.swift */,
				C74491A9291D54A100166197 /* ViewModule */,
				A8B2A28A291C8B2F000F5624 /* ViewController.swift */,
				0E04199E2926314900D710BC /* DictionaryViewController.swift */,
				A8B2A2AC291C8FC8000F5624 /* StoryViewController.swift */,
				0E0419A4292920FE00D710BC /* ProfileViewController.swift */,
				0E7A2CD629231F060060C024 /* ResultViewController.swift */,
				C74491EF291D640B00166197 /* HistoryViewController.swift */,
				A8B2A2B0291CCD8F000F5624 /* SelectPhotoViewController.swift */,
				C70100EF2921D0DE00B58231 /* CoverTestViewController.swift */,
				C745E9502926175F00AEECA8 /* CoverTestViewModel.swift */,
				A8B2A2B2291CCDAD000F5624 /* PlayerView.swift */,
				A8046619291FF9890079CEDC /* ScrubberView.swift */,
				A804661B292012B10079CEDC /* PlayButton.swift */,
				A8AA21282922131D00EFBE27 /* GradientView.swift */,
				9E8BEE4D29234CDD00AB2E44 /* StoryView.swift */,
				9E3B26092926D424007803CD /* SelectWhichEyeView.swift */,
			);
			path = Views;
			sourceTree = "<group>";
		};
		A8B2A29D291C8D01000F5624 /* Data */ = {
			isa = PBXGroup;
			children = (
				C7449156291D474400166197 /* Font */,
				C75B19FB291E30D6005B1A22 /* StrabismusLog.swift */,
				A8FACE2F29271C2900BF2CD0 /* Eye.swift */,
				A897ED6D29277CC000C93E22 /* MeasurementResult.swift */,
			);
			path = Data;
			sourceTree = "<group>";
		};
		A8B2A2A0291C8D7E000F5624 /* Extension */ = {
			isa = PBXGroup;
			children = (
				A8B2A2A1291C8D8F000F5624 /* ExtensionPlaceholder.swift */,
				C744915F291D4B4700166197 /* UIFont+Extension.swift */,
				C74491A2291D4F3000166197 /* UIColor+Extension.swift */,
				C72601E429278642009AB7D1 /* UIView+Extension.swift */,
				C70100F32921DF7A00B58231 /* UIViewController+Extension.swift */,
			);
			path = Extension;
			sourceTree = "<group>";
		};
		A8B2A2A3291C8DDB000F5624 /* Resource */ = {
			isa = PBXGroup;
			children = (
				C7537CFD2923B1E5001E8BF6 /* Models.scnassets */,
				A8B2A28F291C8B30000F5624 /* Assets.xcassets */,
				C74491A4291D4FD100166197 /* Color.xcassets */,
			);
			path = Resource;
			sourceTree = "<group>";
		};
		A8B2A2A4291C8DFD000F5624 /* Manager */ = {
			isa = PBXGroup;
			children = (
				A8B5349C2926752200237C30 /* SQLiteService.swift */,
				A8B2A2A7291C8E3B000F5624 /* ManagerPlaceholder.swift */,
				C7537CF9292320B5001E8BF6 /* VideoManager.swift */,
				C7145FC8292B100500F55028 /* PHPhotoManager.swift */,
				C7537CFB2923B0E2001E8BF6 /* ARSceneManager.swift */,
				C7F1775F2925BC2C0004C5D9 /* ARCapture */,
			);
			path = Manager;
			sourceTree = "<group>";
		};
		A8B2A2A9291C8E58000F5624 /* Delegate(Protocol) */ = {
			isa = PBXGroup;
			children = (
				A8B2A2AA291C8E6A000F5624 /* Placeholder.swift */,
			);
			path = "Delegate(Protocol)";
			sourceTree = "<group>";
		};
		A8B534A32926755900237C30 /* PersistenceTest */ = {
			isa = PBXGroup;
			children = (
				A8B534A42926755900237C30 /* PersistenceTest.swift */,
			);
			path = PersistenceTest;
			sourceTree = "<group>";
		};
		C7449156291D474400166197 /* Font */ = {
			isa = PBXGroup;
			children = (
				C7449159291D475600166197 /* NEXON_Lv1_Gothic_OTF_Bold.otf */,
				C7449158291D475600166197 /* NEXON_Lv1_Gothic_OTF_Light.otf */,
				C7449157291D475600166197 /* NEXON_Lv1_Gothic_OTF.otf */,
			);
			path = Font;
			sourceTree = "<group>";
		};
		C74491A9291D54A100166197 /* ViewModule */ = {
			isa = PBXGroup;
			children = (
				C75B19F9291E2C1C005B1A22 /* IKUChartView.swift */,
				C74491EC291D584B00166197 /* IKUCalendarView */,
			);
			path = ViewModule;
			sourceTree = "<group>";
		};
		C74491AC291D54DC00166197 /* CVCalendar */ = {
			isa = PBXGroup;
			children = (
				C74491AD291D54DC00166197 /* CVCalendarDayView.swift */,
				C7422513291F304E00DB6D80 /* CVMonth.swift */,
				C74491AE291D54DC00166197 /* CVWeekdaySymbolType.swift */,
				C74491AF291D54DC00166197 /* CVRange.swift */,
				C74491B0291D54DC00166197 /* CVCalendarMonthView.swift */,
				C74491B1291D54DC00166197 /* CVCalendarViewAppearance.swift */,
				C74491B3291D54DC00166197 /* CVStatus.swift */,
				C74491B4291D54DC00166197 /* CVCalendarViewAppearanceDelegate.swift */,
				C74491B5291D54DC00166197 /* CVCalendarMenuViewDelegate.swift */,
				C74491B6291D54DC00166197 /* CVCalendarContentViewController.swift */,
				C74491B7291D54DC00166197 /* CVDate.swift */,
				C74491B8291D54DC00166197 /* CVCalendarView.swift */,
				C74491B9291D54DC00166197 /* CVCalendarViewDelegate.swift */,
				C74491BA291D54DC00166197 /* CVCalendarWeekContentViewController.swift */,
				C74491BB291D54DC00166197 /* CVSelectionType.swift */,
				C74491BC291D54DC00166197 /* CVSet.swift */,
				C74491BD291D54DC00166197 /* CVAuxiliaryView.swift */,
				C74491BE291D54DC00166197 /* CVCalendarMenuView.swift */,
				C74491BF291D54DC00166197 /* CVCalendarContentPresentationCoordinator.swift */,
				C74491C0291D54DC00166197 /* CVScrollDirection.swift */,
				C74491C1291D54DC00166197 /* CVCalendarTouchController.swift */,
				C74491C2291D54DC00166197 /* CVCalendarMonthContentViewController.swift */,
				C74491C3291D54DC00166197 /* CVCalendarViewPresentationMode.swift */,
				C74491C4291D54DC00166197 /* CVCalendarWeekView.swift */,
				C74491C5291D54DC00166197 /* CVCalendarViewAnimatorDelegate.swift */,
				C74491C6291D54DC00166197 /* CVCalendarViewAnimator.swift */,
				C74491C7291D54DC00166197 /* CVCalendarDayViewControlCoordinator.swift */,
				C74491C8291D54DC00166197 /* CVCalendarWeekday.swift */,
				C74491C9291D54DC00166197 /* CVCalendarManager.swift */,
				C74491CA291D54DC00166197 /* CVShape.swift */,
				C74491CC291D54DC00166197 /* CVPresent.swift */,
			);
			path = CVCalendar;
			sourceTree = "<group>";
		};
		C74491EC291D584B00166197 /* IKUCalendarView */ = {
			isa = PBXGroup;
			children = (
				C74491AA291D54D000166197 /* IKUCalendarView.swift */,
				C74491ED291D586900166197 /* IKUCalendarView+Extension.swift */,
				C74491AC291D54DC00166197 /* CVCalendar */,
			);
			path = IKUCalendarView;
			sourceTree = "<group>";
		};
		C7F1775F2925BC2C0004C5D9 /* ARCapture */ = {
			isa = PBXGroup;
			children = (
				C7F177592925B1CD0004C5D9 /* ARCapture.swift */,
				C7F1775A2925B1CD0004C5D9 /* ARAssetWriter.swift */,
				C7F1775B2925B1CD0004C5D9 /* ARFrameGenerator.swift */,
			);
			path = ARCapture;
			sourceTree = "<group>";
		};
/* End PBXGroup section */

/* Begin PBXNativeTarget section */
		A8B2A282291C8B2F000F5624 /* IKU */ = {
			isa = PBXNativeTarget;
			buildConfigurationList = A8B2A297291C8B30000F5624 /* Build configuration list for PBXNativeTarget "IKU" */;
			buildPhases = (
				A8B2A27F291C8B2F000F5624 /* Sources */,
				A8B2A280291C8B2F000F5624 /* Frameworks */,
				A8B2A281291C8B2F000F5624 /* Resources */,
			);
			buildRules = (
			);
			dependencies = (
			);
			name = IKU;
			productName = IKU;
			productReference = A8B2A283291C8B2F000F5624 /* IKU.app */;
			productType = "com.apple.product-type.application";
		};
		A8B534A12926755900237C30 /* PersistenceTest */ = {
			isa = PBXNativeTarget;
			buildConfigurationList = A8B534A82926755900237C30 /* Build configuration list for PBXNativeTarget "PersistenceTest" */;
			buildPhases = (
				A8B5349E2926755900237C30 /* Sources */,
				A8B5349F2926755900237C30 /* Frameworks */,
				A8B534A02926755900237C30 /* Resources */,
			);
			buildRules = (
			);
			dependencies = (
				A8B534A72926755900237C30 /* PBXTargetDependency */,
			);
			name = PersistenceTest;
			productName = PersistenceTest;
			productReference = A8B534A22926755900237C30 /* PersistenceTest.xctest */;
			productType = "com.apple.product-type.bundle.unit-test";
		};
/* End PBXNativeTarget section */

/* Begin PBXProject section */
		A8B2A27B291C8B2F000F5624 /* Project object */ = {
			isa = PBXProject;
			attributes = {
				BuildIndependentTargetsInParallel = 1;
				LastSwiftUpdateCheck = 1410;
				LastUpgradeCheck = 1410;
				TargetAttributes = {
					A8B2A282291C8B2F000F5624 = {
						CreatedOnToolsVersion = 14.1;
					};
					A8B534A12926755900237C30 = {
						CreatedOnToolsVersion = 14.1;
					};
				};
			};
			buildConfigurationList = A8B2A27E291C8B2F000F5624 /* Build configuration list for PBXProject "IKU" */;
			compatibilityVersion = "Xcode 14.0";
			developmentRegion = en;
			hasScannedForEncodings = 0;
			knownRegions = (
				en,
				Base,
			);
			mainGroup = A8B2A27A291C8B2F000F5624;
			productRefGroup = A8B2A284291C8B2F000F5624 /* Products */;
			projectDirPath = "";
			projectRoot = "";
			targets = (
				A8B2A282291C8B2F000F5624 /* IKU */,
				A8B534A12926755900237C30 /* PersistenceTest */,
			);
		};
/* End PBXProject section */

/* Begin PBXResourcesBuildPhase section */
		A8B2A281291C8B2F000F5624 /* Resources */ = {
			isa = PBXResourcesBuildPhase;
			buildActionMask = 2147483647;
			files = (
				A8B2A293291C8B30000F5624 /* LaunchScreen.storyboard in Resources */,
				A8B2A290291C8B30000F5624 /* Assets.xcassets in Resources */,
				C744915B291D475600166197 /* NEXON_Lv1_Gothic_OTF_Light.otf in Resources */,
				C744915A291D475600166197 /* NEXON_Lv1_Gothic_OTF.otf in Resources */,
				C74491A5291D4FD100166197 /* Color.xcassets in Resources */,
				C7537CFE2923B1E5001E8BF6 /* Models.scnassets in Resources */,
				0E04199A29232E9200D710BC /* resultVideo.MOV in Resources */,
				A8B2A28E291C8B2F000F5624 /* Main.storyboard in Resources */,
				C744915C291D475600166197 /* NEXON_Lv1_Gothic_OTF_Bold.otf in Resources */,
			);
			runOnlyForDeploymentPostprocessing = 0;
		};
		A8B534A02926755900237C30 /* Resources */ = {
			isa = PBXResourcesBuildPhase;
			buildActionMask = 2147483647;
			files = (
			);
			runOnlyForDeploymentPostprocessing = 0;
		};
/* End PBXResourcesBuildPhase section */

/* Begin PBXSourcesBuildPhase section */
		A8B2A27F291C8B2F000F5624 /* Sources */ = {
			isa = PBXSourcesBuildPhase;
			buildActionMask = 2147483647;
			files = (
				A804661A291FF9890079CEDC /* ScrubberView.swift in Sources */,
				C74491CD291D54DC00166197 /* CVCalendarDayView.swift in Sources */,
				A8B2A28B291C8B2F000F5624 /* ViewController.swift in Sources */,
				A8B2A2D7291DE0D6000F5624 /* NavigationViewController.swift in Sources */,
				A8B2A2B1291CCD8F000F5624 /* SelectPhotoViewController.swift in Sources */,
				A8AA21292922131D00EFBE27 /* GradientView.swift in Sources */,
				A8B2A2B3291CCDAD000F5624 /* PlayerView.swift in Sources */,
				A804661C292012B10079CEDC /* PlayButton.swift in Sources */,
				C74491D4291D54DC00166197 /* CVCalendarMenuViewDelegate.swift in Sources */,
				C7F1775E2925B1CD0004C5D9 /* ARFrameGenerator.swift in Sources */,
				C74491DE291D54DC00166197 /* CVCalendarContentPresentationCoordinator.swift in Sources */,
				C74491E1291D54DC00166197 /* CVCalendarMonthContentViewController.swift in Sources */,
				C74491D1291D54DC00166197 /* CVCalendarViewAppearance.swift in Sources */,
				C70100F02921D0DE00B58231 /* CoverTestViewController.swift in Sources */,
				C74491AB291D54D000166197 /* IKUCalendarView.swift in Sources */,
				C74491D3291D54DC00166197 /* CVCalendarViewAppearanceDelegate.swift in Sources */,
				C74491DB291D54DC00166197 /* CVSet.swift in Sources */,
				A8B2A287291C8B2F000F5624 /* AppDelegate.swift in Sources */,
				C75B19FA291E2C1C005B1A22 /* IKUChartView.swift in Sources */,
				A8B2A2AD291C8FC8000F5624 /* StoryViewController.swift in Sources */,
				C7537CFC2923B0E2001E8BF6 /* ARSceneManager.swift in Sources */,
				C74491EB291D54DC00166197 /* CVPresent.swift in Sources */,
				C74491DF291D54DC00166197 /* CVScrollDirection.swift in Sources */,
				C74491DA291D54DC00166197 /* CVSelectionType.swift in Sources */,
				C74491CF291D54DC00166197 /* CVRange.swift in Sources */,
				A8B2A2A2291C8D8F000F5624 /* ExtensionPlaceholder.swift in Sources */,
				C74491E8291D54DC00166197 /* CVCalendarManager.swift in Sources */,
				9E3B260A2926D424007803CD /* SelectWhichEyeView.swift in Sources */,
				C7145FC9292B100500F55028 /* PHPhotoManager.swift in Sources */,
				C74491D7291D54DC00166197 /* CVCalendarView.swift in Sources */,
				C74491E6291D54DC00166197 /* CVCalendarDayViewControlCoordinator.swift in Sources */,
				C74491EE291D586900166197 /* IKUCalendarView+Extension.swift in Sources */,
				C74491F0291D640B00166197 /* HistoryViewController.swift in Sources */,
				C74491D0291D54DC00166197 /* CVCalendarMonthView.swift in Sources */,
				C7537CFA292320B5001E8BF6 /* VideoManager.swift in Sources */,
				C74491D2291D54DC00166197 /* CVStatus.swift in Sources */,
				C745E9512926175F00AEECA8 /* CoverTestViewModel.swift in Sources */,
				9E8BEE4E29234CDD00AB2E44 /* StoryView.swift in Sources */,
				C7F1775C2925B1CD0004C5D9 /* ARCapture.swift in Sources */,
				A8B2A289291C8B2F000F5624 /* SceneDelegate.swift in Sources */,
				A8FACE3029271C2900BF2CD0 /* Eye.swift in Sources */,
				C74491E0291D54DC00166197 /* CVCalendarTouchController.swift in Sources */,
				C74491D8291D54DC00166197 /* CVCalendarViewDelegate.swift in Sources */,
				C74491E5291D54DC00166197 /* CVCalendarViewAnimator.swift in Sources */,
				C74491E7291D54DC00166197 /* CVCalendarWeekday.swift in Sources */,
				C74491E9291D54DC00166197 /* CVShape.swift in Sources */,
				A8B5349D2926752200237C30 /* SQLiteService.swift in Sources */,
				C7422514291F304E00DB6D80 /* CVMonth.swift in Sources */,
				C74491D9291D54DC00166197 /* CVCalendarWeekContentViewController.swift in Sources */,
				C74491DC291D54DC00166197 /* CVAuxiliaryView.swift in Sources */,
				C72601E529278642009AB7D1 /* UIView+Extension.swift in Sources */,
				A8B2A2A8291C8E3B000F5624 /* ManagerPlaceholder.swift in Sources */,
				C74491E2291D54DC00166197 /* CVCalendarViewPresentationMode.swift in Sources */,
				C7F1775D2925B1CD0004C5D9 /* ARAssetWriter.swift in Sources */,
				C70100F42921DF7A00B58231 /* UIViewController+Extension.swift in Sources */,
				C74491E4291D54DC00166197 /* CVCalendarViewAnimatorDelegate.swift in Sources */,
				C74491D5291D54DC00166197 /* CVCalendarContentViewController.swift in Sources */,
				C75B19FC291E30D6005B1A22 /* StrabismusLog.swift in Sources */,
				C7449160291D4B4700166197 /* UIFont+Extension.swift in Sources */,
				C74491D6291D54DC00166197 /* CVDate.swift in Sources */,
				C74491A3291D4F3000166197 /* UIColor+Extension.swift in Sources */,
				C74491DD291D54DC00166197 /* CVCalendarMenuView.swift in Sources */,
				A8B2A2AB291C8E6A000F5624 /* Placeholder.swift in Sources */,
				0E04199F2926314900D710BC /* DictionaryViewController.swift in Sources */,
				0E7A2CD729231F060060C024 /* ResultViewController.swift in Sources */,
				A897ED6E29277CC000C93E22 /* MeasurementResult.swift in Sources */,
				0E0419A5292920FE00D710BC /* ProfileViewController.swift in Sources */,
				C74491E3291D54DC00166197 /* CVCalendarWeekView.swift in Sources */,
				C74491CE291D54DC00166197 /* CVWeekdaySymbolType.swift in Sources */,
			);
			runOnlyForDeploymentPostprocessing = 0;
		};
		A8B5349E2926755900237C30 /* Sources */ = {
			isa = PBXSourcesBuildPhase;
			buildActionMask = 2147483647;
			files = (
				A8B534A52926755900237C30 /* PersistenceTest.swift in Sources */,
				A8B534AB2926756600237C30 /* SQLiteService.swift in Sources */,
			);
			runOnlyForDeploymentPostprocessing = 0;
		};
/* End PBXSourcesBuildPhase section */

/* Begin PBXTargetDependency section */
		A8B534A72926755900237C30 /* PBXTargetDependency */ = {
			isa = PBXTargetDependency;
			target = A8B2A282291C8B2F000F5624 /* IKU */;
			targetProxy = A8B534A62926755900237C30 /* PBXContainerItemProxy */;
		};
/* End PBXTargetDependency section */

/* Begin PBXVariantGroup section */
		A8B2A28C291C8B2F000F5624 /* Main.storyboard */ = {
			isa = PBXVariantGroup;
			children = (
				A8B2A28D291C8B2F000F5624 /* Base */,
			);
			name = Main.storyboard;
			sourceTree = "<group>";
		};
		A8B2A291291C8B30000F5624 /* LaunchScreen.storyboard */ = {
			isa = PBXVariantGroup;
			children = (
				A8B2A292291C8B30000F5624 /* Base */,
			);
			name = LaunchScreen.storyboard;
			sourceTree = "<group>";
		};
/* End PBXVariantGroup section */

/* Begin XCBuildConfiguration section */
		A8B2A295291C8B30000F5624 /* Debug */ = {
			isa = XCBuildConfiguration;
			buildSettings = {
				ALWAYS_SEARCH_USER_PATHS = NO;
				CLANG_ANALYZER_NONNULL = YES;
				CLANG_ANALYZER_NUMBER_OBJECT_CONVERSION = YES_AGGRESSIVE;
				CLANG_CXX_LANGUAGE_STANDARD = "gnu++20";
				CLANG_ENABLE_MODULES = YES;
				CLANG_ENABLE_OBJC_ARC = YES;
				CLANG_ENABLE_OBJC_WEAK = YES;
				CLANG_WARN_BLOCK_CAPTURE_AUTORELEASING = YES;
				CLANG_WARN_BOOL_CONVERSION = YES;
				CLANG_WARN_COMMA = YES;
				CLANG_WARN_CONSTANT_CONVERSION = YES;
				CLANG_WARN_DEPRECATED_OBJC_IMPLEMENTATIONS = YES;
				CLANG_WARN_DIRECT_OBJC_ISA_USAGE = YES_ERROR;
				CLANG_WARN_DOCUMENTATION_COMMENTS = YES;
				CLANG_WARN_EMPTY_BODY = YES;
				CLANG_WARN_ENUM_CONVERSION = YES;
				CLANG_WARN_INFINITE_RECURSION = YES;
				CLANG_WARN_INT_CONVERSION = YES;
				CLANG_WARN_NON_LITERAL_NULL_CONVERSION = YES;
				CLANG_WARN_OBJC_IMPLICIT_RETAIN_SELF = YES;
				CLANG_WARN_OBJC_LITERAL_CONVERSION = YES;
				CLANG_WARN_OBJC_ROOT_CLASS = YES_ERROR;
				CLANG_WARN_QUOTED_INCLUDE_IN_FRAMEWORK_HEADER = YES;
				CLANG_WARN_RANGE_LOOP_ANALYSIS = YES;
				CLANG_WARN_STRICT_PROTOTYPES = YES;
				CLANG_WARN_SUSPICIOUS_MOVE = YES;
				CLANG_WARN_UNGUARDED_AVAILABILITY = YES_AGGRESSIVE;
				CLANG_WARN_UNREACHABLE_CODE = YES;
				CLANG_WARN__DUPLICATE_METHOD_MATCH = YES;
				COPY_PHASE_STRIP = NO;
				DEBUG_INFORMATION_FORMAT = dwarf;
				ENABLE_STRICT_OBJC_MSGSEND = YES;
				ENABLE_TESTABILITY = YES;
				GCC_C_LANGUAGE_STANDARD = gnu11;
				GCC_DYNAMIC_NO_PIC = NO;
				GCC_NO_COMMON_BLOCKS = YES;
				GCC_OPTIMIZATION_LEVEL = 0;
				GCC_PREPROCESSOR_DEFINITIONS = (
					"DEBUG=1",
					"$(inherited)",
				);
				GCC_WARN_64_TO_32_BIT_CONVERSION = YES;
				GCC_WARN_ABOUT_RETURN_TYPE = YES_ERROR;
				GCC_WARN_UNDECLARED_SELECTOR = YES;
				GCC_WARN_UNINITIALIZED_AUTOS = YES_AGGRESSIVE;
				GCC_WARN_UNUSED_FUNCTION = YES;
				GCC_WARN_UNUSED_VARIABLE = YES;
				IPHONEOS_DEPLOYMENT_TARGET = 16.0;
				MTL_ENABLE_DEBUG_INFO = INCLUDE_SOURCE;
				MTL_FAST_MATH = YES;
				ONLY_ACTIVE_ARCH = YES;
				SDKROOT = iphoneos;
				SWIFT_ACTIVE_COMPILATION_CONDITIONS = DEBUG;
				SWIFT_OPTIMIZATION_LEVEL = "-Onone";
			};
			name = Debug;
		};
		A8B2A296291C8B30000F5624 /* Release */ = {
			isa = XCBuildConfiguration;
			buildSettings = {
				ALWAYS_SEARCH_USER_PATHS = NO;
				CLANG_ANALYZER_NONNULL = YES;
				CLANG_ANALYZER_NUMBER_OBJECT_CONVERSION = YES_AGGRESSIVE;
				CLANG_CXX_LANGUAGE_STANDARD = "gnu++20";
				CLANG_ENABLE_MODULES = YES;
				CLANG_ENABLE_OBJC_ARC = YES;
				CLANG_ENABLE_OBJC_WEAK = YES;
				CLANG_WARN_BLOCK_CAPTURE_AUTORELEASING = YES;
				CLANG_WARN_BOOL_CONVERSION = YES;
				CLANG_WARN_COMMA = YES;
				CLANG_WARN_CONSTANT_CONVERSION = YES;
				CLANG_WARN_DEPRECATED_OBJC_IMPLEMENTATIONS = YES;
				CLANG_WARN_DIRECT_OBJC_ISA_USAGE = YES_ERROR;
				CLANG_WARN_DOCUMENTATION_COMMENTS = YES;
				CLANG_WARN_EMPTY_BODY = YES;
				CLANG_WARN_ENUM_CONVERSION = YES;
				CLANG_WARN_INFINITE_RECURSION = YES;
				CLANG_WARN_INT_CONVERSION = YES;
				CLANG_WARN_NON_LITERAL_NULL_CONVERSION = YES;
				CLANG_WARN_OBJC_IMPLICIT_RETAIN_SELF = YES;
				CLANG_WARN_OBJC_LITERAL_CONVERSION = YES;
				CLANG_WARN_OBJC_ROOT_CLASS = YES_ERROR;
				CLANG_WARN_QUOTED_INCLUDE_IN_FRAMEWORK_HEADER = YES;
				CLANG_WARN_RANGE_LOOP_ANALYSIS = YES;
				CLANG_WARN_STRICT_PROTOTYPES = YES;
				CLANG_WARN_SUSPICIOUS_MOVE = YES;
				CLANG_WARN_UNGUARDED_AVAILABILITY = YES_AGGRESSIVE;
				CLANG_WARN_UNREACHABLE_CODE = YES;
				CLANG_WARN__DUPLICATE_METHOD_MATCH = YES;
				COPY_PHASE_STRIP = NO;
				DEBUG_INFORMATION_FORMAT = "dwarf-with-dsym";
				ENABLE_NS_ASSERTIONS = NO;
				ENABLE_STRICT_OBJC_MSGSEND = YES;
				GCC_C_LANGUAGE_STANDARD = gnu11;
				GCC_NO_COMMON_BLOCKS = YES;
				GCC_WARN_64_TO_32_BIT_CONVERSION = YES;
				GCC_WARN_ABOUT_RETURN_TYPE = YES_ERROR;
				GCC_WARN_UNDECLARED_SELECTOR = YES;
				GCC_WARN_UNINITIALIZED_AUTOS = YES_AGGRESSIVE;
				GCC_WARN_UNUSED_FUNCTION = YES;
				GCC_WARN_UNUSED_VARIABLE = YES;
				IPHONEOS_DEPLOYMENT_TARGET = 16.0;
				MTL_ENABLE_DEBUG_INFO = NO;
				MTL_FAST_MATH = YES;
				SDKROOT = iphoneos;
				SWIFT_COMPILATION_MODE = wholemodule;
				SWIFT_OPTIMIZATION_LEVEL = "-O";
				VALIDATE_PRODUCT = YES;
			};
			name = Release;
		};
		A8B2A298291C8B30000F5624 /* Debug */ = {
			isa = XCBuildConfiguration;
			buildSettings = {
				ASSETCATALOG_COMPILER_APPICON_NAME = AppIcon;
				ASSETCATALOG_COMPILER_GLOBAL_ACCENT_COLOR_NAME = AccentColor;
				CODE_SIGN_STYLE = Automatic;
				CURRENT_PROJECT_VERSION = 1;
				DEVELOPMENT_TEAM = Z629PZ4XVL;
				GENERATE_INFOPLIST_FILE = YES;
				INFOPLIST_FILE = IKU/App/Info.plist;
				INFOPLIST_KEY_LSApplicationCategoryType = "public.app-category.healthcare-fitness";
				INFOPLIST_KEY_NSMicrophoneUsageDescription = "동영상 촬영을 위해 마이크 좀 쓸게";
				INFOPLIST_KEY_NSPhotoLibraryAddUsageDescription = "동영상 저장 좀 할께";
				INFOPLIST_KEY_NSPhotoLibraryUsageDescription = "앨범 좀 쓸게";
				INFOPLIST_KEY_UIApplicationSupportsIndirectInputEvents = YES;
				INFOPLIST_KEY_UILaunchStoryboardName = LaunchScreen;
				INFOPLIST_KEY_UISupportedInterfaceOrientations = UIInterfaceOrientationPortrait;
				IPHONEOS_DEPLOYMENT_TARGET = 16.0;
				LD_RUNPATH_SEARCH_PATHS = (
					"$(inherited)",
					"@executable_path/Frameworks",
				);
				MARKETING_VERSION = 1.0;
				PRODUCT_BUNDLE_IDENTIFIER = com.Shin.IKU;
				PRODUCT_NAME = "$(TARGET_NAME)";
				SUPPORTED_PLATFORMS = "iphoneos iphonesimulator";
				SUPPORTS_MACCATALYST = NO;
				SUPPORTS_MAC_DESIGNED_FOR_IPHONE_IPAD = NO;
				SWIFT_EMIT_LOC_STRINGS = YES;
				SWIFT_VERSION = 5.0;
				TARGETED_DEVICE_FAMILY = 1;
			};
			name = Debug;
		};
		A8B2A299291C8B30000F5624 /* Release */ = {
			isa = XCBuildConfiguration;
			buildSettings = {
				ASSETCATALOG_COMPILER_APPICON_NAME = AppIcon;
				ASSETCATALOG_COMPILER_GLOBAL_ACCENT_COLOR_NAME = AccentColor;
				CODE_SIGN_STYLE = Automatic;
				CURRENT_PROJECT_VERSION = 1;
				DEVELOPMENT_TEAM = Z629PZ4XVL;
				GENERATE_INFOPLIST_FILE = YES;
				INFOPLIST_FILE = IKU/App/Info.plist;
				INFOPLIST_KEY_LSApplicationCategoryType = "public.app-category.healthcare-fitness";
				INFOPLIST_KEY_NSMicrophoneUsageDescription = "동영상 촬영을 위해 마이크 좀 쓸게";
				INFOPLIST_KEY_NSPhotoLibraryAddUsageDescription = "동영상 저장 좀 할께";
				INFOPLIST_KEY_NSPhotoLibraryUsageDescription = "앨범 좀 쓸게";
				INFOPLIST_KEY_UIApplicationSupportsIndirectInputEvents = YES;
				INFOPLIST_KEY_UILaunchStoryboardName = LaunchScreen;
				INFOPLIST_KEY_UISupportedInterfaceOrientations = UIInterfaceOrientationPortrait;
				IPHONEOS_DEPLOYMENT_TARGET = 16.0;
				LD_RUNPATH_SEARCH_PATHS = (
					"$(inherited)",
					"@executable_path/Frameworks",
				);
				MARKETING_VERSION = 1.0;
				PRODUCT_BUNDLE_IDENTIFIER = com.Shin.IKU;
				PRODUCT_NAME = "$(TARGET_NAME)";
				SUPPORTED_PLATFORMS = "iphoneos iphonesimulator";
				SUPPORTS_MACCATALYST = NO;
				SUPPORTS_MAC_DESIGNED_FOR_IPHONE_IPAD = NO;
				SWIFT_EMIT_LOC_STRINGS = YES;
				SWIFT_VERSION = 5.0;
				TARGETED_DEVICE_FAMILY = 1;
			};
			name = Release;
		};
		A8B534A92926755900237C30 /* Debug */ = {
			isa = XCBuildConfiguration;
			buildSettings = {
				CODE_SIGN_STYLE = Automatic;
				CURRENT_PROJECT_VERSION = 1;
				DEVELOPMENT_TEAM = 78F54XW75V;
				GENERATE_INFOPLIST_FILE = YES;
				IPHONEOS_DEPLOYMENT_TARGET = 16.1;
				MACOSX_DEPLOYMENT_TARGET = 12.5;
				MARKETING_VERSION = 1.0;
				PRODUCT_BUNDLE_IDENTIFIER = com.Shin.PersistenceTest;
				PRODUCT_NAME = "$(TARGET_NAME)";
				SDKROOT = auto;
				SUPPORTED_PLATFORMS = "iphoneos iphonesimulator macosx";
				SWIFT_EMIT_LOC_STRINGS = NO;
				SWIFT_VERSION = 5.0;
				TARGETED_DEVICE_FAMILY = "1,2";
			};
			name = Debug;
		};
		A8B534AA2926755900237C30 /* Release */ = {
			isa = XCBuildConfiguration;
			buildSettings = {
				CODE_SIGN_STYLE = Automatic;
				CURRENT_PROJECT_VERSION = 1;
				DEVELOPMENT_TEAM = 78F54XW75V;
				GENERATE_INFOPLIST_FILE = YES;
				IPHONEOS_DEPLOYMENT_TARGET = 16.1;
				MACOSX_DEPLOYMENT_TARGET = 12.5;
				MARKETING_VERSION = 1.0;
				PRODUCT_BUNDLE_IDENTIFIER = com.Shin.PersistenceTest;
				PRODUCT_NAME = "$(TARGET_NAME)";
				SDKROOT = auto;
				SUPPORTED_PLATFORMS = "iphoneos iphonesimulator macosx";
				SWIFT_EMIT_LOC_STRINGS = NO;
				SWIFT_VERSION = 5.0;
				TARGETED_DEVICE_FAMILY = "1,2";
			};
			name = Release;
		};
/* End XCBuildConfiguration section */

/* Begin XCConfigurationList section */
		A8B2A27E291C8B2F000F5624 /* Build configuration list for PBXProject "IKU" */ = {
			isa = XCConfigurationList;
			buildConfigurations = (
				A8B2A295291C8B30000F5624 /* Debug */,
				A8B2A296291C8B30000F5624 /* Release */,
			);
			defaultConfigurationIsVisible = 0;
			defaultConfigurationName = Release;
		};
		A8B2A297291C8B30000F5624 /* Build configuration list for PBXNativeTarget "IKU" */ = {
			isa = XCConfigurationList;
			buildConfigurations = (
				A8B2A298291C8B30000F5624 /* Debug */,
				A8B2A299291C8B30000F5624 /* Release */,
			);
			defaultConfigurationIsVisible = 0;
			defaultConfigurationName = Release;
		};
		A8B534A82926755900237C30 /* Build configuration list for PBXNativeTarget "PersistenceTest" */ = {
			isa = XCConfigurationList;
			buildConfigurations = (
				A8B534A92926755900237C30 /* Debug */,
				A8B534AA2926755900237C30 /* Release */,
			);
			defaultConfigurationIsVisible = 0;
			defaultConfigurationName = Release;
		};
/* End XCConfigurationList section */
	};
	rootObject = A8B2A27B291C8B2F000F5624 /* Project object */;
}
