// !$*UTF8*$!
{
	archiveVersion = 1;
	classes = {
	};
	objectVersion = 56;
	objects = {

/* Begin PBXBuildFile section */
		A804661A291FF9890079CEDC /* ScrubberView.swift in Sources */ = {isa = PBXBuildFile; fileRef = A8046619291FF9890079CEDC /* ScrubberView.swift */; };
		A8B2A287291C8B2F000F5624 /* AppDelegate.swift in Sources */ = {isa = PBXBuildFile; fileRef = A8B2A286291C8B2F000F5624 /* AppDelegate.swift */; };
		A8B2A289291C8B2F000F5624 /* SceneDelegate.swift in Sources */ = {isa = PBXBuildFile; fileRef = A8B2A288291C8B2F000F5624 /* SceneDelegate.swift */; };
		A8B2A28B291C8B2F000F5624 /* ViewController.swift in Sources */ = {isa = PBXBuildFile; fileRef = A8B2A28A291C8B2F000F5624 /* ViewController.swift */; };
		A8B2A28E291C8B2F000F5624 /* Main.storyboard in Resources */ = {isa = PBXBuildFile; fileRef = A8B2A28C291C8B2F000F5624 /* Main.storyboard */; };
		A8B2A290291C8B30000F5624 /* Assets.xcassets in Resources */ = {isa = PBXBuildFile; fileRef = A8B2A28F291C8B30000F5624 /* Assets.xcassets */; };
		A8B2A293291C8B30000F5624 /* LaunchScreen.storyboard in Resources */ = {isa = PBXBuildFile; fileRef = A8B2A291291C8B30000F5624 /* LaunchScreen.storyboard */; };
		A8B2A29F291C8D4B000F5624 /* DataPlaceholder.swift in Sources */ = {isa = PBXBuildFile; fileRef = A8B2A29E291C8D4B000F5624 /* DataPlaceholder.swift */; };
		A8B2A2A2291C8D8F000F5624 /* ExtensionPlaceholder.swift in Sources */ = {isa = PBXBuildFile; fileRef = A8B2A2A1291C8D8F000F5624 /* ExtensionPlaceholder.swift */; };
		A8B2A2A8291C8E3B000F5624 /* ManagerPlaceholder.swift in Sources */ = {isa = PBXBuildFile; fileRef = A8B2A2A7291C8E3B000F5624 /* ManagerPlaceholder.swift */; };
		A8B2A2AB291C8E6A000F5624 /* Placeholder.swift in Sources */ = {isa = PBXBuildFile; fileRef = A8B2A2AA291C8E6A000F5624 /* Placeholder.swift */; };
		A8B2A2AD291C8FC8000F5624 /* StoryViewController.swift in Sources */ = {isa = PBXBuildFile; fileRef = A8B2A2AC291C8FC8000F5624 /* StoryViewController.swift */; };
		A8B2A2B1291CCD8F000F5624 /* SelectPhotoViewController.swift in Sources */ = {isa = PBXBuildFile; fileRef = A8B2A2B0291CCD8F000F5624 /* SelectPhotoViewController.swift */; };
		A8B2A2B3291CCDAD000F5624 /* PlayerView.swift in Sources */ = {isa = PBXBuildFile; fileRef = A8B2A2B2291CCDAD000F5624 /* PlayerView.swift */; };
		A8B2A2B5291CCE8E000F5624 /* video.m4v in Resources */ = {isa = PBXBuildFile; fileRef = A8B2A2B4291CCE84000F5624 /* video.m4v */; };
		A8B2A2D7291DE0D6000F5624 /* NavigationViewController.swift in Sources */ = {isa = PBXBuildFile; fileRef = A8B2A2D6291DE0D6000F5624 /* NavigationViewController.swift */; };
/* End PBXBuildFile section */

/* Begin PBXFileReference section */
		A8046619291FF9890079CEDC /* ScrubberView.swift */ = {isa = PBXFileReference; lastKnownFileType = sourcecode.swift; path = ScrubberView.swift; sourceTree = "<group>"; };
		A8B2A283291C8B2F000F5624 /* IKU.app */ = {isa = PBXFileReference; explicitFileType = wrapper.application; includeInIndex = 0; path = IKU.app; sourceTree = BUILT_PRODUCTS_DIR; };
		A8B2A286291C8B2F000F5624 /* AppDelegate.swift */ = {isa = PBXFileReference; lastKnownFileType = sourcecode.swift; path = AppDelegate.swift; sourceTree = "<group>"; };
		A8B2A288291C8B2F000F5624 /* SceneDelegate.swift */ = {isa = PBXFileReference; lastKnownFileType = sourcecode.swift; path = SceneDelegate.swift; sourceTree = "<group>"; };
		A8B2A28A291C8B2F000F5624 /* ViewController.swift */ = {isa = PBXFileReference; lastKnownFileType = sourcecode.swift; path = ViewController.swift; sourceTree = "<group>"; };
		A8B2A28D291C8B2F000F5624 /* Base */ = {isa = PBXFileReference; lastKnownFileType = file.storyboard; name = Base; path = Base.lproj/Main.storyboard; sourceTree = "<group>"; };
		A8B2A28F291C8B30000F5624 /* Assets.xcassets */ = {isa = PBXFileReference; lastKnownFileType = folder.assetcatalog; path = Assets.xcassets; sourceTree = "<group>"; };
		A8B2A292291C8B30000F5624 /* Base */ = {isa = PBXFileReference; lastKnownFileType = file.storyboard; name = Base; path = Base.lproj/LaunchScreen.storyboard; sourceTree = "<group>"; };
		A8B2A294291C8B30000F5624 /* Info.plist */ = {isa = PBXFileReference; lastKnownFileType = text.plist.xml; path = Info.plist; sourceTree = "<group>"; };
		A8B2A29E291C8D4B000F5624 /* DataPlaceholder.swift */ = {isa = PBXFileReference; lastKnownFileType = sourcecode.swift; path = DataPlaceholder.swift; sourceTree = "<group>"; };
		A8B2A2A1291C8D8F000F5624 /* ExtensionPlaceholder.swift */ = {isa = PBXFileReference; lastKnownFileType = sourcecode.swift; path = ExtensionPlaceholder.swift; sourceTree = "<group>"; };
		A8B2A2A7291C8E3B000F5624 /* ManagerPlaceholder.swift */ = {isa = PBXFileReference; lastKnownFileType = sourcecode.swift; path = ManagerPlaceholder.swift; sourceTree = "<group>"; };
		A8B2A2AA291C8E6A000F5624 /* Placeholder.swift */ = {isa = PBXFileReference; lastKnownFileType = sourcecode.swift; path = Placeholder.swift; sourceTree = "<group>"; };
		A8B2A2AC291C8FC8000F5624 /* StoryViewController.swift */ = {isa = PBXFileReference; lastKnownFileType = sourcecode.swift; path = StoryViewController.swift; sourceTree = "<group>"; };
		A8B2A2B0291CCD8F000F5624 /* SelectPhotoViewController.swift */ = {isa = PBXFileReference; lastKnownFileType = sourcecode.swift; path = SelectPhotoViewController.swift; sourceTree = "<group>"; };
		A8B2A2B2291CCDAD000F5624 /* PlayerView.swift */ = {isa = PBXFileReference; lastKnownFileType = sourcecode.swift; path = PlayerView.swift; sourceTree = "<group>"; };
		A8B2A2B4291CCE84000F5624 /* video.m4v */ = {isa = PBXFileReference; lastKnownFileType = file; path = video.m4v; sourceTree = "<group>"; };
		A8B2A2D6291DE0D6000F5624 /* NavigationViewController.swift */ = {isa = PBXFileReference; lastKnownFileType = sourcecode.swift; path = NavigationViewController.swift; sourceTree = "<group>"; };
/* End PBXFileReference section */

/* Begin PBXFrameworksBuildPhase section */
		A8B2A280291C8B2F000F5624 /* Frameworks */ = {
			isa = PBXFrameworksBuildPhase;
			buildActionMask = 2147483647;
			files = (
			);
			runOnlyForDeploymentPostprocessing = 0;
		};
/* End PBXFrameworksBuildPhase section */

/* Begin PBXGroup section */
		A8B2A27A291C8B2F000F5624 = {
			isa = PBXGroup;
			children = (
				A8B2A285291C8B2F000F5624 /* IKU */,
				A8B2A284291C8B2F000F5624 /* Products */,
			);
			sourceTree = "<group>";
		};
		A8B2A284291C8B2F000F5624 /* Products */ = {
			isa = PBXGroup;
			children = (
				A8B2A283291C8B2F000F5624 /* IKU.app */,
			);
			name = Products;
			sourceTree = "<group>";
		};
		A8B2A285291C8B2F000F5624 /* IKU */ = {
			isa = PBXGroup;
			children = (
				A8B2A29A291C8BC7000F5624 /* App */,
				A8B2A2A3291C8DDB000F5624 /* Resource */,
				A8B2A29D291C8D01000F5624 /* Data */,
				A8B2A2A9291C8E58000F5624 /* Delegate(Protocol) */,
				A8B2A2A0291C8D7E000F5624 /* Extension */,
				A8B2A2A4291C8DFD000F5624 /* Manager */,
				A8B2A29C291C8CD9000F5624 /* Views */,
				A8B2A29B291C8C55000F5624 /* Storyboard */,
			);
			path = IKU;
			sourceTree = "<group>";
		};
		A8B2A29A291C8BC7000F5624 /* App */ = {
			isa = PBXGroup;
			children = (
				A8B2A291291C8B30000F5624 /* LaunchScreen.storyboard */,
				A8B2A294291C8B30000F5624 /* Info.plist */,
				A8B2A286291C8B2F000F5624 /* AppDelegate.swift */,
				A8B2A288291C8B2F000F5624 /* SceneDelegate.swift */,
			);
			path = App;
			sourceTree = "<group>";
		};
		A8B2A29B291C8C55000F5624 /* Storyboard */ = {
			isa = PBXGroup;
			children = (
				A8B2A28C291C8B2F000F5624 /* Main.storyboard */,
			);
			path = Storyboard;
			sourceTree = "<group>";
		};
		A8B2A29C291C8CD9000F5624 /* Views */ = {
			isa = PBXGroup;
			children = (
				A8B2A2D6291DE0D6000F5624 /* NavigationViewController.swift */,
				A8B2A28A291C8B2F000F5624 /* ViewController.swift */,
				A8B2A2AC291C8FC8000F5624 /* StoryViewController.swift */,
				A8B2A2B0291CCD8F000F5624 /* SelectPhotoViewController.swift */,
				A8B2A2B2291CCDAD000F5624 /* PlayerView.swift */,
				A8046619291FF9890079CEDC /* ScrubberView.swift */,
			);
			path = Views;
			sourceTree = "<group>";
		};
		A8B2A29D291C8D01000F5624 /* Data */ = {
			isa = PBXGroup;
			children = (
				A8B2A29E291C8D4B000F5624 /* DataPlaceholder.swift */,
			);
			path = Data;
			sourceTree = "<group>";
		};
		A8B2A2A0291C8D7E000F5624 /* Extension */ = {
			isa = PBXGroup;
			children = (
				A8B2A2A1291C8D8F000F5624 /* ExtensionPlaceholder.swift */,
			);
			path = Extension;
			sourceTree = "<group>";
		};
		A8B2A2A3291C8DDB000F5624 /* Resource */ = {
			isa = PBXGroup;
			children = (
				A8B2A2B4291CCE84000F5624 /* video.m4v */,
				A8B2A28F291C8B30000F5624 /* Assets.xcassets */,
			);
			path = Resource;
			sourceTree = "<group>";
		};
		A8B2A2A4291C8DFD000F5624 /* Manager */ = {
			isa = PBXGroup;
			children = (
				A8B2A2A7291C8E3B000F5624 /* ManagerPlaceholder.swift */,
			);
			path = Manager;
			sourceTree = "<group>";
		};
		A8B2A2A9291C8E58000F5624 /* Delegate(Protocol) */ = {
			isa = PBXGroup;
			children = (
				A8B2A2AA291C8E6A000F5624 /* Placeholder.swift */,
			);
			path = "Delegate(Protocol)";
			sourceTree = "<group>";
		};
/* End PBXGroup section */

/* Begin PBXNativeTarget section */
		A8B2A282291C8B2F000F5624 /* IKU */ = {
			isa = PBXNativeTarget;
			buildConfigurationList = A8B2A297291C8B30000F5624 /* Build configuration list for PBXNativeTarget "IKU" */;
			buildPhases = (
				A8B2A27F291C8B2F000F5624 /* Sources */,
				A8B2A280291C8B2F000F5624 /* Frameworks */,
				A8B2A281291C8B2F000F5624 /* Resources */,
			);
			buildRules = (
			);
			dependencies = (
			);
			name = IKU;
			productName = IKU;
			productReference = A8B2A283291C8B2F000F5624 /* IKU.app */;
			productType = "com.apple.product-type.application";
		};
/* End PBXNativeTarget section */

/* Begin PBXProject section */
		A8B2A27B291C8B2F000F5624 /* Project object */ = {
			isa = PBXProject;
			attributes = {
				BuildIndependentTargetsInParallel = 1;
				LastSwiftUpdateCheck = 1410;
				LastUpgradeCheck = 1410;
				TargetAttributes = {
					A8B2A282291C8B2F000F5624 = {
						CreatedOnToolsVersion = 14.1;
					};
				};
			};
			buildConfigurationList = A8B2A27E291C8B2F000F5624 /* Build configuration list for PBXProject "IKU" */;
			compatibilityVersion = "Xcode 14.0";
			developmentRegion = en;
			hasScannedForEncodings = 0;
			knownRegions = (
				en,
				Base,
			);
			mainGroup = A8B2A27A291C8B2F000F5624;
			productRefGroup = A8B2A284291C8B2F000F5624 /* Products */;
			projectDirPath = "";
			projectRoot = "";
			targets = (
				A8B2A282291C8B2F000F5624 /* IKU */,
			);
		};
/* End PBXProject section */

/* Begin PBXResourcesBuildPhase section */
		A8B2A281291C8B2F000F5624 /* Resources */ = {
			isa = PBXResourcesBuildPhase;
			buildActionMask = 2147483647;
			files = (
				A8B2A293291C8B30000F5624 /* LaunchScreen.storyboard in Resources */,
				A8B2A2B5291CCE8E000F5624 /* video.m4v in Resources */,
				A8B2A290291C8B30000F5624 /* Assets.xcassets in Resources */,
				A8B2A28E291C8B2F000F5624 /* Main.storyboard in Resources */,
			);
			runOnlyForDeploymentPostprocessing = 0;
		};
/* End PBXResourcesBuildPhase section */

/* Begin PBXSourcesBuildPhase section */
		A8B2A27F291C8B2F000F5624 /* Sources */ = {
			isa = PBXSourcesBuildPhase;
			buildActionMask = 2147483647;
			files = (
				A804661A291FF9890079CEDC /* ScrubberView.swift in Sources */,
				A8B2A28B291C8B2F000F5624 /* ViewController.swift in Sources */,
				A8B2A2D7291DE0D6000F5624 /* NavigationViewController.swift in Sources */,
				A8B2A2B1291CCD8F000F5624 /* SelectPhotoViewController.swift in Sources */,
				A8B2A29F291C8D4B000F5624 /* DataPlaceholder.swift in Sources */,
				A8B2A2B3291CCDAD000F5624 /* PlayerView.swift in Sources */,
				A8B2A287291C8B2F000F5624 /* AppDelegate.swift in Sources */,
				A8B2A2AD291C8FC8000F5624 /* StoryViewController.swift in Sources */,
				A8B2A2A2291C8D8F000F5624 /* ExtensionPlaceholder.swift in Sources */,
				A8B2A289291C8B2F000F5624 /* SceneDelegate.swift in Sources */,
				A8B2A2A8291C8E3B000F5624 /* ManagerPlaceholder.swift in Sources */,
				A8B2A2AB291C8E6A000F5624 /* Placeholder.swift in Sources */,
			);
			runOnlyForDeploymentPostprocessing = 0;
		};
/* End PBXSourcesBuildPhase section */

/* Begin PBXVariantGroup section */
		A8B2A28C291C8B2F000F5624 /* Main.storyboard */ = {
			isa = PBXVariantGroup;
			children = (
				A8B2A28D291C8B2F000F5624 /* Base */,
			);
			name = Main.storyboard;
			sourceTree = "<group>";
		};
		A8B2A291291C8B30000F5624 /* LaunchScreen.storyboard */ = {
			isa = PBXVariantGroup;
			children = (
				A8B2A292291C8B30000F5624 /* Base */,
			);
			name = LaunchScreen.storyboard;
			sourceTree = "<group>";
		};
/* End PBXVariantGroup section */

/* Begin XCBuildConfiguration section */
		A8B2A295291C8B30000F5624 /* Debug */ = {
			isa = XCBuildConfiguration;
			buildSettings = {
				ALWAYS_SEARCH_USER_PATHS = NO;
				CLANG_ANALYZER_NONNULL = YES;
				CLANG_ANALYZER_NUMBER_OBJECT_CONVERSION = YES_AGGRESSIVE;
				CLANG_CXX_LANGUAGE_STANDARD = "gnu++20";
				CLANG_ENABLE_MODULES = YES;
				CLANG_ENABLE_OBJC_ARC = YES;
				CLANG_ENABLE_OBJC_WEAK = YES;
				CLANG_WARN_BLOCK_CAPTURE_AUTORELEASING = YES;
				CLANG_WARN_BOOL_CONVERSION = YES;
				CLANG_WARN_COMMA = YES;
				CLANG_WARN_CONSTANT_CONVERSION = YES;
				CLANG_WARN_DEPRECATED_OBJC_IMPLEMENTATIONS = YES;
				CLANG_WARN_DIRECT_OBJC_ISA_USAGE = YES_ERROR;
				CLANG_WARN_DOCUMENTATION_COMMENTS = YES;
				CLANG_WARN_EMPTY_BODY = YES;
				CLANG_WARN_ENUM_CONVERSION = YES;
				CLANG_WARN_INFINITE_RECURSION = YES;
				CLANG_WARN_INT_CONVERSION = YES;
				CLANG_WARN_NON_LITERAL_NULL_CONVERSION = YES;
				CLANG_WARN_OBJC_IMPLICIT_RETAIN_SELF = YES;
				CLANG_WARN_OBJC_LITERAL_CONVERSION = YES;
				CLANG_WARN_OBJC_ROOT_CLASS = YES_ERROR;
				CLANG_WARN_QUOTED_INCLUDE_IN_FRAMEWORK_HEADER = YES;
				CLANG_WARN_RANGE_LOOP_ANALYSIS = YES;
				CLANG_WARN_STRICT_PROTOTYPES = YES;
				CLANG_WARN_SUSPICIOUS_MOVE = YES;
				CLANG_WARN_UNGUARDED_AVAILABILITY = YES_AGGRESSIVE;
				CLANG_WARN_UNREACHABLE_CODE = YES;
				CLANG_WARN__DUPLICATE_METHOD_MATCH = YES;
				COPY_PHASE_STRIP = NO;
				DEBUG_INFORMATION_FORMAT = dwarf;
				ENABLE_STRICT_OBJC_MSGSEND = YES;
				ENABLE_TESTABILITY = YES;
				GCC_C_LANGUAGE_STANDARD = gnu11;
				GCC_DYNAMIC_NO_PIC = NO;
				GCC_NO_COMMON_BLOCKS = YES;
				GCC_OPTIMIZATION_LEVEL = 0;
				GCC_PREPROCESSOR_DEFINITIONS = (
					"DEBUG=1",
					"$(inherited)",
				);
				GCC_WARN_64_TO_32_BIT_CONVERSION = YES;
				GCC_WARN_ABOUT_RETURN_TYPE = YES_ERROR;
				GCC_WARN_UNDECLARED_SELECTOR = YES;
				GCC_WARN_UNINITIALIZED_AUTOS = YES_AGGRESSIVE;
				GCC_WARN_UNUSED_FUNCTION = YES;
				GCC_WARN_UNUSED_VARIABLE = YES;
				IPHONEOS_DEPLOYMENT_TARGET = 16.0;
				MTL_ENABLE_DEBUG_INFO = INCLUDE_SOURCE;
				MTL_FAST_MATH = YES;
				ONLY_ACTIVE_ARCH = YES;
				SDKROOT = iphoneos;
				SWIFT_ACTIVE_COMPILATION_CONDITIONS = DEBUG;
				SWIFT_OPTIMIZATION_LEVEL = "-Onone";
			};
			name = Debug;
		};
		A8B2A296291C8B30000F5624 /* Release */ = {
			isa = XCBuildConfiguration;
			buildSettings = {
				ALWAYS_SEARCH_USER_PATHS = NO;
				CLANG_ANALYZER_NONNULL = YES;
				CLANG_ANALYZER_NUMBER_OBJECT_CONVERSION = YES_AGGRESSIVE;
				CLANG_CXX_LANGUAGE_STANDARD = "gnu++20";
				CLANG_ENABLE_MODULES = YES;
				CLANG_ENABLE_OBJC_ARC = YES;
				CLANG_ENABLE_OBJC_WEAK = YES;
				CLANG_WARN_BLOCK_CAPTURE_AUTORELEASING = YES;
				CLANG_WARN_BOOL_CONVERSION = YES;
				CLANG_WARN_COMMA = YES;
				CLANG_WARN_CONSTANT_CONVERSION = YES;
				CLANG_WARN_DEPRECATED_OBJC_IMPLEMENTATIONS = YES;
				CLANG_WARN_DIRECT_OBJC_ISA_USAGE = YES_ERROR;
				CLANG_WARN_DOCUMENTATION_COMMENTS = YES;
				CLANG_WARN_EMPTY_BODY = YES;
				CLANG_WARN_ENUM_CONVERSION = YES;
				CLANG_WARN_INFINITE_RECURSION = YES;
				CLANG_WARN_INT_CONVERSION = YES;
				CLANG_WARN_NON_LITERAL_NULL_CONVERSION = YES;
				CLANG_WARN_OBJC_IMPLICIT_RETAIN_SELF = YES;
				CLANG_WARN_OBJC_LITERAL_CONVERSION = YES;
				CLANG_WARN_OBJC_ROOT_CLASS = YES_ERROR;
				CLANG_WARN_QUOTED_INCLUDE_IN_FRAMEWORK_HEADER = YES;
				CLANG_WARN_RANGE_LOOP_ANALYSIS = YES;
				CLANG_WARN_STRICT_PROTOTYPES = YES;
				CLANG_WARN_SUSPICIOUS_MOVE = YES;
				CLANG_WARN_UNGUARDED_AVAILABILITY = YES_AGGRESSIVE;
				CLANG_WARN_UNREACHABLE_CODE = YES;
				CLANG_WARN__DUPLICATE_METHOD_MATCH = YES;
				COPY_PHASE_STRIP = NO;
				DEBUG_INFORMATION_FORMAT = "dwarf-with-dsym";
				ENABLE_NS_ASSERTIONS = NO;
				ENABLE_STRICT_OBJC_MSGSEND = YES;
				GCC_C_LANGUAGE_STANDARD = gnu11;
				GCC_NO_COMMON_BLOCKS = YES;
				GCC_WARN_64_TO_32_BIT_CONVERSION = YES;
				GCC_WARN_ABOUT_RETURN_TYPE = YES_ERROR;
				GCC_WARN_UNDECLARED_SELECTOR = YES;
				GCC_WARN_UNINITIALIZED_AUTOS = YES_AGGRESSIVE;
				GCC_WARN_UNUSED_FUNCTION = YES;
				GCC_WARN_UNUSED_VARIABLE = YES;
				IPHONEOS_DEPLOYMENT_TARGET = 16.0;
				MTL_ENABLE_DEBUG_INFO = NO;
				MTL_FAST_MATH = YES;
				SDKROOT = iphoneos;
				SWIFT_COMPILATION_MODE = wholemodule;
				SWIFT_OPTIMIZATION_LEVEL = "-O";
				VALIDATE_PRODUCT = YES;
			};
			name = Release;
		};
		A8B2A298291C8B30000F5624 /* Debug */ = {
			isa = XCBuildConfiguration;
			buildSettings = {
				ASSETCATALOG_COMPILER_APPICON_NAME = AppIcon;
				ASSETCATALOG_COMPILER_GLOBAL_ACCENT_COLOR_NAME = AccentColor;
				CODE_SIGN_STYLE = Automatic;
				CURRENT_PROJECT_VERSION = 1;
				DEVELOPMENT_TEAM = 78F54XW75V;
				GENERATE_INFOPLIST_FILE = YES;
				INFOPLIST_FILE = IKU/App/Info.plist;
				INFOPLIST_KEY_LSApplicationCategoryType = "public.app-category.healthcare-fitness";
				INFOPLIST_KEY_UIApplicationSupportsIndirectInputEvents = YES;
				INFOPLIST_KEY_UILaunchStoryboardName = LaunchScreen;
				INFOPLIST_KEY_UISupportedInterfaceOrientations = UIInterfaceOrientationPortrait;
				IPHONEOS_DEPLOYMENT_TARGET = 16.0;
				LD_RUNPATH_SEARCH_PATHS = (
					"$(inherited)",
					"@executable_path/Frameworks",
				);
				MARKETING_VERSION = 1.0;
				PRODUCT_BUNDLE_IDENTIFIER = com.Shin.IKU;
				PRODUCT_NAME = "$(TARGET_NAME)";
				SUPPORTED_PLATFORMS = "iphoneos iphonesimulator";
				SUPPORTS_MACCATALYST = NO;
				SUPPORTS_MAC_DESIGNED_FOR_IPHONE_IPAD = NO;
				SWIFT_EMIT_LOC_STRINGS = YES;
				SWIFT_VERSION = 5.0;
				TARGETED_DEVICE_FAMILY = 1;
			};
			name = Debug;
		};
		A8B2A299291C8B30000F5624 /* Release */ = {
			isa = XCBuildConfiguration;
			buildSettings = {
				ASSETCATALOG_COMPILER_APPICON_NAME = AppIcon;
				ASSETCATALOG_COMPILER_GLOBAL_ACCENT_COLOR_NAME = AccentColor;
				CODE_SIGN_STYLE = Automatic;
				CURRENT_PROJECT_VERSION = 1;
				DEVELOPMENT_TEAM = 78F54XW75V;
				GENERATE_INFOPLIST_FILE = YES;
				INFOPLIST_FILE = IKU/App/Info.plist;
				INFOPLIST_KEY_LSApplicationCategoryType = "public.app-category.healthcare-fitness";
				INFOPLIST_KEY_UIApplicationSupportsIndirectInputEvents = YES;
				INFOPLIST_KEY_UILaunchStoryboardName = LaunchScreen;
				INFOPLIST_KEY_UISupportedInterfaceOrientations = UIInterfaceOrientationPortrait;
				IPHONEOS_DEPLOYMENT_TARGET = 16.0;
				LD_RUNPATH_SEARCH_PATHS = (
					"$(inherited)",
					"@executable_path/Frameworks",
				);
				MARKETING_VERSION = 1.0;
				PRODUCT_BUNDLE_IDENTIFIER = com.Shin.IKU;
				PRODUCT_NAME = "$(TARGET_NAME)";
				SUPPORTED_PLATFORMS = "iphoneos iphonesimulator";
				SUPPORTS_MACCATALYST = NO;
				SUPPORTS_MAC_DESIGNED_FOR_IPHONE_IPAD = NO;
				SWIFT_EMIT_LOC_STRINGS = YES;
				SWIFT_VERSION = 5.0;
				TARGETED_DEVICE_FAMILY = 1;
			};
			name = Release;
		};
/* End XCBuildConfiguration section */

/* Begin XCConfigurationList section */
		A8B2A27E291C8B2F000F5624 /* Build configuration list for PBXProject "IKU" */ = {
			isa = XCConfigurationList;
			buildConfigurations = (
				A8B2A295291C8B30000F5624 /* Debug */,
				A8B2A296291C8B30000F5624 /* Release */,
			);
			defaultConfigurationIsVisible = 0;
			defaultConfigurationName = Release;
		};
		A8B2A297291C8B30000F5624 /* Build configuration list for PBXNativeTarget "IKU" */ = {
			isa = XCConfigurationList;
			buildConfigurations = (
				A8B2A298291C8B30000F5624 /* Debug */,
				A8B2A299291C8B30000F5624 /* Release */,
			);
			defaultConfigurationIsVisible = 0;
			defaultConfigurationName = Release;
		};
/* End XCConfigurationList section */
	};
	rootObject = A8B2A27B291C8B2F000F5624 /* Project object */;
}
